// !$*UTF8*$!
{
	archiveVersion = 1;
	classes = {
	};
	objectVersion = 55;
	objects = {

/* Begin PBXBuildFile section */
		B559AA6B2D15C603007A9F9F /* libavcodec.xcframework in Frameworks */ = {isa = PBXBuildFile; fileRef = B559AA612D15C603007A9F9F /* libavcodec.xcframework */; };
		B559AA6C2D15C603007A9F9F /* libavfilter.xcframework in Frameworks */ = {isa = PBXBuildFile; fileRef = B559AA632D15C603007A9F9F /* libavfilter.xcframework */; };
		B559AA6D2D15C603007A9F9F /* libavdevice.xcframework in Frameworks */ = {isa = PBXBuildFile; fileRef = B559AA622D15C603007A9F9F /* libavdevice.xcframework */; };
		B559AA6E2D15C603007A9F9F /* libswresample.xcframework in Frameworks */ = {isa = PBXBuildFile; fileRef = B559AA662D15C603007A9F9F /* libswresample.xcframework */; };
		B559AA6F2D15C603007A9F9F /* libswscale.xcframework in Frameworks */ = {isa = PBXBuildFile; fileRef = B559AA672D15C603007A9F9F /* libswscale.xcframework */; };
		B559AA702D15C603007A9F9F /* libavformat.xcframework in Frameworks */ = {isa = PBXBuildFile; fileRef = B559AA642D15C603007A9F9F /* libavformat.xcframework */; };
		B559AA712D15C603007A9F9F /* libavutil.xcframework in Frameworks */ = {isa = PBXBuildFile; fileRef = B559AA652D15C603007A9F9F /* libavutil.xcframework */; };
		B559AA722D15C603007A9F9F /* IRFFMpeg.m in Sources */ = {isa = PBXBuildFile; fileRef = B559AA692D15C603007A9F9F /* IRFFMpeg.m */; };
		B559AA732D15C603007A9F9F /* IRFFMpeg.h in Headers */ = {isa = PBXBuildFile; fileRef = B559AA5F2D15C603007A9F9F /* IRFFMpeg.h */; };
		B559AA742D15C603007A9F9F /* package.xcworkspace in Resources */ = {isa = PBXBuildFile; fileRef = B559AA5C2D15C603007A9F9F /* package.xcworkspace */; };
		B5A024E42D0B2F1C00BE80C5 /* IRFFMpegErrorUtil.m in Sources */ = {isa = PBXBuildFile; fileRef = B5A024E32D0B2F1C00BE80C5 /* IRFFMpegErrorUtil.m */; };
		B5A024E82D0B305700BE80C5 /* IRFFMpegErrorUtil.h in Headers */ = {isa = PBXBuildFile; fileRef = B5A024E62D0B305700BE80C5 /* IRFFMpegErrorUtil.h */; settings = {ATTRIBUTES = (Public, ); }; };
		B5A025302D0C456E00BE80C5 /* public-umbrella.h in Headers */ = {isa = PBXBuildFile; fileRef = B5A0252B2D0C456E00BE80C5 /* public-umbrella.h */; settings = {ATTRIBUTES = (Public, ); }; };
		B5A025312D0C456E00BE80C5 /* private-umbrella.h in Headers */ = {isa = PBXBuildFile; fileRef = B5A0252E2D0C456E00BE80C5 /* private-umbrella.h */; };
		B5E94D662D0950DB00149265 /* libbz2.tbd in Frameworks */ = {isa = PBXBuildFile; fileRef = B5E94D602D09501300149265 /* libbz2.tbd */; };
		B5E94D672D0950EF00149265 /* libz.tbd in Frameworks */ = {isa = PBXBuildFile; fileRef = B5E94D642D09509F00149265 /* libz.tbd */; };
		B5E94D682D0950FD00149265 /* liblzma.tbd in Frameworks */ = {isa = PBXBuildFile; fileRef = B5E94D622D09506E00149265 /* liblzma.tbd */; };
		B5E94EC82D0B21F800149265 /* IRGLProjectionVR.swift in Sources */ = {isa = PBXBuildFile; fileRef = B5E94DC72D0B21F800149265 /* IRGLProjectionVR.swift */; };
		B5E94EC92D0B21F800149265 /* IRGLRenderBase.swift in Sources */ = {isa = PBXBuildFile; fileRef = B5E94DC92D0B21F800149265 /* IRGLRenderBase.swift */; };
		B5E94ECA2D0B21F800149265 /* IRGLFragmentRGBShaderGLSL.swift in Sources */ = {isa = PBXBuildFile; fileRef = B5E94D892D0B21F800149265 /* IRGLFragmentRGBShaderGLSL.swift */; };
		B5E94ECC2D0B21F800149265 /* IRPlayer_swift.docc in Sources */ = {isa = PBXBuildFile; fileRef = B5E94EC12D0B21F800149265 /* IRPlayer_swift.docc */; };
		B5E94ECD2D0B21F800149265 /* IRGLRenderModeVR.swift in Sources */ = {isa = PBXBuildFile; fileRef = B5E94D972D0B21F800149265 /* IRGLRenderModeVR.swift */; };
		B5E94ECE2D0B21F800149265 /* IRFFTrack.swift in Sources */ = {isa = PBXBuildFile; fileRef = B5E94E002D0B21F800149265 /* IRFFTrack.swift */; };
		B5E94ECF2D0B21F800149265 /* IRGLProgram2DFisheye2Pano.swift in Sources */ = {isa = PBXBuildFile; fileRef = B5E94DB42D0B21F800149265 /* IRGLProgram2DFisheye2Pano.swift */; };
		B5E94ED02D0B21F800149265 /* IRPlayerDecoder.swift in Sources */ = {isa = PBXBuildFile; fileRef = B5E94E1C2D0B21F800149265 /* IRPlayerDecoder.swift */; };
		B5E94ED32D0B21F800149265 /* IRGLProgramMulti4P.swift in Sources */ = {isa = PBXBuildFile; fileRef = B5E94DB82D0B21F800149265 /* IRGLProgramMulti4P.swift */; };
		B5E94ED42D0B21F800149265 /* IRGLRenderMode2D.swift in Sources */ = {isa = PBXBuildFile; fileRef = B5E94D8F2D0B21F800149265 /* IRGLRenderMode2D.swift */; };
		B5E94ED52D0B21F800149265 /* IRGLProgram2DFactory.swift in Sources */ = {isa = PBXBuildFile; fileRef = B5E94DA72D0B21F800149265 /* IRGLProgram2DFactory.swift */; };
		B5E94ED72D0B21F800149265 /* IRGLRenderMode.swift in Sources */ = {isa = PBXBuildFile; fileRef = B5E94D8E2D0B21F800149265 /* IRGLRenderMode.swift */; };
		B5E94ED82D0B21F800149265 /* IRSmoothScrollController.swift in Sources */ = {isa = PBXBuildFile; fileRef = B5E94D7B2D0B21F800149265 /* IRSmoothScrollController.swift */; };
		B5E94EDB2D0B21F800149265 /* IRGLProgramDistortion.swift in Sources */ = {isa = PBXBuildFile; fileRef = B5E94DA52D0B21F800149265 /* IRGLProgramDistortion.swift */; };
		B5E94EDC2D0B21F800149265 /* IRAudioManager.swift in Sources */ = {isa = PBXBuildFile; fileRef = B5E94D6B2D0B21F800149265 /* IRAudioManager.swift */; };
		B5E94EDD2D0B21F800149265 /* IRePTZShiftController.swift in Sources */ = {isa = PBXBuildFile; fileRef = B5E94D762D0B21F800149265 /* IRePTZShiftController.swift */; };
		B5E94EDE2D0B21F800149265 /* IRGLProgramFactory.swift in Sources */ = {isa = PBXBuildFile; fileRef = B5E94DAC2D0B21F800149265 /* IRGLProgramFactory.swift */; };
		B5E94EE12D0B21F800149265 /* IRGLProgram3DFisheye4PFactory.swift in Sources */ = {isa = PBXBuildFile; fileRef = B5E94DA92D0B21F800149265 /* IRGLProgram3DFisheye4PFactory.swift */; };
		B5E94EE22D0B21F800149265 /* IRGLFragmentFish2PerspShaderGLSL.swift in Sources */ = {isa = PBXBuildFile; fileRef = B5E94D832D0B21F800149265 /* IRGLFragmentFish2PerspShaderGLSL.swift */; };
		B5E94EE42D0B21F800149265 /* IRMediaParameter.swift in Sources */ = {isa = PBXBuildFile; fileRef = B5E94D702D0B21F800149265 /* IRMediaParameter.swift */; };
		B5E94EE52D0B21F800149265 /* IRGLFragmentYUVShaderGLSL.swift in Sources */ = {isa = PBXBuildFile; fileRef = B5E94D8C2D0B21F800149265 /* IRGLFragmentYUVShaderGLSL.swift */; };
		B5E94EE62D0B21F800149265 /* IRAVPlayer.swift in Sources */ = {isa = PBXBuildFile; fileRef = B5E94D6D2D0B21F800149265 /* IRAVPlayer.swift */; };
		B5E94EE82D0B21F800149265 /* IRFFCVYUVVideoFrame.swift in Sources */ = {isa = PBXBuildFile; fileRef = B5E94DEF2D0B21F800149265 /* IRFFCVYUVVideoFrame.swift */; };
		B5E94EE92D0B21F800149265 /* IRGLProgram3DFisheyeFactory.swift in Sources */ = {isa = PBXBuildFile; fileRef = B5E94DAA2D0B21F800149265 /* IRGLProgram3DFisheyeFactory.swift */; };
		B5E94EEA2D0B21F800149265 /* IRGLProgram2DFisheye2PanoFactory.swift in Sources */ = {isa = PBXBuildFile; fileRef = B5E94DA82D0B21F800149265 /* IRGLProgram2DFisheye2PanoFactory.swift */; };
		B5E94EEB2D0B21F800149265 /* IRGLRenderNV12.swift in Sources */ = {isa = PBXBuildFile; fileRef = B5E94DCA2D0B21F800149265 /* IRGLRenderNV12.swift */; };
		B5E94EED2D0B21F800149265 /* IRGLShaderParams.swift in Sources */ = {isa = PBXBuildFile; fileRef = B5E94DA12D0B21F800149265 /* IRGLShaderParams.swift */; };
		B5E94EEE2D0B21F800149265 /* IRGLProgramMulti.swift in Sources */ = {isa = PBXBuildFile; fileRef = B5E94DB72D0B21F800149265 /* IRGLProgramMulti.swift */; };
		B5E94EEF2D0B21F800149265 /* IRBounceController.swift in Sources */ = {isa = PBXBuildFile; fileRef = B5E94D722D0B21F800149265 /* IRBounceController.swift */; };
		B5E94EF02D0B21F800149265 /* IRGLProjectionEquirectangular.swift in Sources */ = {isa = PBXBuildFile; fileRef = B5E94DC12D0B21F800149265 /* IRGLProjectionEquirectangular.swift */; };
		B5E94EF12D0B21F800149265 /* IRGLVertexShaderGLSL.swift in Sources */ = {isa = PBXBuildFile; fileRef = B5E94DE22D0B21F800149265 /* IRGLVertexShaderGLSL.swift */; };
		B5E94EF22D0B21F800149265 /* IRGLScope2D.swift in Sources */ = {isa = PBXBuildFile; fileRef = B5E94DCE2D0B21F800149265 /* IRGLScope2D.swift */; };
		B5E94EF32D0B21F800149265 /* IRGLProjectionOrthographic.swift in Sources */ = {isa = PBXBuildFile; fileRef = B5E94DC42D0B21F800149265 /* IRGLProjectionOrthographic.swift */; };
		B5E94EF52D0B21F800149265 /* IRFFFrame.swift in Sources */ = {isa = PBXBuildFile; fileRef = B5E94DF02D0B21F800149265 /* IRFFFrame.swift */; };
		B5E94EF62D0B21F800149265 /* IRFFVideoFrame.swift in Sources */ = {isa = PBXBuildFile; fileRef = B5E94DF42D0B21F800149265 /* IRFFVideoFrame.swift */; };
		B5E94EF72D0B21F800149265 /* IRSensor.swift in Sources */ = {isa = PBXBuildFile; fileRef = B5E94E0B2D0B21F800149265 /* IRSensor.swift */; };
		B5E94EFB2D0B21F800149265 /* IRFFAudioDecoder.swift in Sources */ = {isa = PBXBuildFile; fileRef = B5E94DF72D0B21F800149265 /* IRFFAudioDecoder.swift */; };
		B5E94EFC2D0B21F800149265 /* IRGLRenderModeFactory.swift in Sources */ = {isa = PBXBuildFile; fileRef = B5E94D952D0B21F800149265 /* IRGLRenderModeFactory.swift */; };
		B5E94EFE2D0B21F800149265 /* IRGLTransformControllerDistortion.swift in Sources */ = {isa = PBXBuildFile; fileRef = B5E94DDC2D0B21F800149265 /* IRGLTransformControllerDistortion.swift */; };
		B5E94F012D0B21F800149265 /* IRFFAudioFrame.swift in Sources */ = {isa = PBXBuildFile; fileRef = B5E94DED2D0B21F800149265 /* IRFFAudioFrame.swift */; };
		B5E94F042D0B21F800149265 /* IRFFVideoInput.swift in Sources */ = {isa = PBXBuildFile; fileRef = B5E94E022D0B21F800149265 /* IRFFVideoInput.swift */; };
		B5E94F052D0B21F800149265 /* IRGLGestureController.swift in Sources */ = {isa = PBXBuildFile; fileRef = B5E94D792D0B21F800149265 /* IRGLGestureController.swift */; };
		B5E94F072D0B21F800149265 /* IRFFPacketQueue.swift in Sources */ = {isa = PBXBuildFile; fileRef = B5E94DF32D0B21F800149265 /* IRFFPacketQueue.swift */; };
		B5E94F082D0B21F800149265 /* IRPlayerNotification.swift in Sources */ = {isa = PBXBuildFile; fileRef = B5E94E122D0B21F800149265 /* IRPlayerNotification.swift */; };
		B5E94F0C2D0B21F800149265 /* IRGLRenderMode3DFisheye.swift in Sources */ = {isa = PBXBuildFile; fileRef = B5E94D912D0B21F800149265 /* IRGLRenderMode3DFisheye.swift */; };
		B5E94F0D2D0B21F800149265 /* IRFFFormatContext.swift in Sources */ = {isa = PBXBuildFile; fileRef = B5E94DF92D0B21F800149265 /* IRFFFormatContext.swift */; };
		B5E94F0E2D0B21F800149265 /* IRGLRenderMode2DFisheye2Pano.swift in Sources */ = {isa = PBXBuildFile; fileRef = B5E94D902D0B21F800149265 /* IRGLRenderMode2DFisheye2Pano.swift */; };
		B5E94F102D0B21F800149265 /* IRGLProgramVRFactory.swift in Sources */ = {isa = PBXBuildFile; fileRef = B5E94DAD2D0B21F800149265 /* IRGLProgramVRFactory.swift */; };
		B5E94F112D0B21F800149265 /* IRPlayerImp.swift in Sources */ = {isa = PBXBuildFile; fileRef = B5E94E1D2D0B21F800149265 /* IRPlayerImp.swift */; };
		B5E94F122D0B21F800149265 /* IRFisheyeParameter.swift in Sources */ = {isa = PBXBuildFile; fileRef = B5E94D6F2D0B21F800149265 /* IRFisheyeParameter.swift */; };
		B5E94F132D0B21F800149265 /* IRFFTools.swift in Sources */ = {isa = PBXBuildFile; fileRef = B5E94DFD2D0B21F800149265 /* IRFFTools.swift */; };
		B5E94F142D0B21F800149265 /* IRFFAVYUVVideoFrame.swift in Sources */ = {isa = PBXBuildFile; fileRef = B5E94DEE2D0B21F800149265 /* IRFFAVYUVVideoFrame.swift */; };
		B5E94F152D0B21F800149265 /* IRFFFramePool.swift in Sources */ = {isa = PBXBuildFile; fileRef = B5E94DF12D0B21F800149265 /* IRFFFramePool.swift */; };
		B5E94F162D0B21F800149265 /* IRFFFrameQueue.swift in Sources */ = {isa = PBXBuildFile; fileRef = B5E94DF22D0B21F800149265 /* IRFFFrameQueue.swift */; };
		B5E94F172D0B21F800149265 /* IRFFMpegErrorUtil.swift in Sources */ = {isa = PBXBuildFile; fileRef = B5E94E0F2D0B21F800149265 /* IRFFMpegErrorUtil.swift */; };
		B5E94F192D0B21F800149265 /* IRGLRenderModeMulti4P.swift in Sources */ = {isa = PBXBuildFile; fileRef = B5E94D962D0B21F800149265 /* IRGLRenderModeMulti4P.swift */; };
		B5E94F1A2D0B21F800149265 /* IRPlayerAction.swift in Sources */ = {isa = PBXBuildFile; fileRef = B5E94E1B2D0B21F800149265 /* IRPlayerAction.swift */; };
		B5E94F1B2D0B21F800149265 /* IRGLProjection.swift in Sources */ = {isa = PBXBuildFile; fileRef = B5E94DBB2D0B21F800149265 /* IRGLProjection.swift */; };
		B5E94F1C2D0B21F800149265 /* IRGestureController.swift in Sources */ = {isa = PBXBuildFile; fileRef = B5E94D782D0B21F800149265 /* IRGestureController.swift */; };
		B5E94F1D2D0B21F800149265 /* IRGLFragmentFish2PanoShaderGLSL.swift in Sources */ = {isa = PBXBuildFile; fileRef = B5E94D802D0B21F800149265 /* IRGLFragmentFish2PanoShaderGLSL.swift */; };
		B5E94F1E2D0B21F800149265 /* IRPLFView.swift in Sources */ = {isa = PBXBuildFile; fileRef = B5E94E192D0B21F800149265 /* IRPLFView.swift */; };
		B5E94F1F2D0B21F800149265 /* IRGLFish2PerspShaderParams.swift in Sources */ = {isa = PBXBuildFile; fileRef = B5E94D9E2D0B21F800149265 /* IRGLFish2PerspShaderParams.swift */; };
		B5E94F202D0B21F800149265 /* IRVideoFrameRGB.swift in Sources */ = {isa = PBXBuildFile; fileRef = B5E94DF52D0B21F800149265 /* IRVideoFrameRGB.swift */; };
		B5E94F212D0B21F800149265 /* IRGLVertex3DShaderGLSL.swift in Sources */ = {isa = PBXBuildFile; fileRef = B5E94DE12D0B21F800149265 /* IRGLVertex3DShaderGLSL.swift */; };
		B5E94F222D0B21F800149265 /* IRFFDecoder.swift in Sources */ = {isa = PBXBuildFile; fileRef = B5E94DF82D0B21F800149265 /* IRFFDecoder.swift */; };
		B5E94F252D0B21F800149265 /* IRFFVideoDecoder.swift in Sources */ = {isa = PBXBuildFile; fileRef = B5E94E012D0B21F800149265 /* IRFFVideoDecoder.swift */; };
		B5E94F272D0B21F800149265 /* IRGLSupportPixelFormat.swift in Sources */ = {isa = PBXBuildFile; fileRef = B5E94DE72D0B21F800149265 /* IRGLSupportPixelFormat.swift */; };
		B5E94F282D0B21F800149265 /* IRGLProjectionDistortion.swift in Sources */ = {isa = PBXBuildFile; fileRef = B5E94DBE2D0B21F800149265 /* IRGLProjectionDistortion.swift */; };
		B5E94F292D0B21F800149265 /* IRGLProgram2D.swift in Sources */ = {isa = PBXBuildFile; fileRef = B5E94DB32D0B21F800149265 /* IRGLProgram2D.swift */; };
		B5E94F2A2D0B21F800149265 /* IRGLFish2PanoShaderParams.swift in Sources */ = {isa = PBXBuildFile; fileRef = B5E94D9B2D0B21F800149265 /* IRGLFish2PanoShaderParams.swift */; };
		B5E94F2B2D0B21F800149265 /* IRGLProgram2DFisheye2Persp.swift in Sources */ = {isa = PBXBuildFile; fileRef = B5E94DB52D0B21F800149265 /* IRGLProgram2DFisheye2Persp.swift */; };
		B5E94F2C2D0B21F800149265 /* IRGLProgram3DFisheye.swift in Sources */ = {isa = PBXBuildFile; fileRef = B5E94DB62D0B21F800149265 /* IRGLProgram3DFisheye.swift */; };
		B5E94F2E2D0B21F800149265 /* IRGLProgramDistortionFactory.swift in Sources */ = {isa = PBXBuildFile; fileRef = B5E94DAB2D0B21F800149265 /* IRGLProgramDistortionFactory.swift */; };
		B5E94F2F2D0B21F800149265 /* IRGLTransformController2D.swift in Sources */ = {isa = PBXBuildFile; fileRef = B5E94DD62D0B21F800149265 /* IRGLTransformController2D.swift */; };
		B5E94F302D0B21F800149265 /* IRGLRenderYUV.swift in Sources */ = {isa = PBXBuildFile; fileRef = B5E94DCC2D0B21F800149265 /* IRGLRenderYUV.swift */; };
		B5E94F312D0B21F800149265 /* IRFFPlayer.swift in Sources */ = {isa = PBXBuildFile; fileRef = B5E94E072D0B21F800149265 /* IRFFPlayer.swift */; };
		B5E94F322D0B21F800149265 /* IRGLTransformController3DFisheye.swift in Sources */ = {isa = PBXBuildFile; fileRef = B5E94DD92D0B21F800149265 /* IRGLTransformController3DFisheye.swift */; };
		B5E94F332D0B21F800149265 /* IRGLFragmentNV12ShaderGLSL.swift in Sources */ = {isa = PBXBuildFile; fileRef = B5E94D862D0B21F800149265 /* IRGLFragmentNV12ShaderGLSL.swift */; };
		B5E94F342D0B21F800149265 /* IRGLTransformController.swift in Sources */ = {isa = PBXBuildFile; fileRef = B5E94DD32D0B21F800149265 /* IRGLTransformController.swift */; };
		B5E94F352D0B21F800149265 /* IRFFMetadata.swift in Sources */ = {isa = PBXBuildFile; fileRef = B5E94DFC2D0B21F800149265 /* IRFFMetadata.swift */; };
		B5E94F362D0B21F800149265 /* IRGLScope3D.swift in Sources */ = {isa = PBXBuildFile; fileRef = B5E94DCF2D0B21F800149265 /* IRGLScope3D.swift */; };
		B5E94F372D0B21F800149265 /* IRGLRenderModeDistortion.swift in Sources */ = {isa = PBXBuildFile; fileRef = B5E94D922D0B21F800149265 /* IRGLRenderModeDistortion.swift */; };
		B5E94F382D0B21F800149265 /* IRGLView.swift in Sources */ = {isa = PBXBuildFile; fileRef = B5E94DEA2D0B21F800149265 /* IRGLView.swift */; };
		B5E94F392D0B21F800149265 /* IRGLProgramVR.swift in Sources */ = {isa = PBXBuildFile; fileRef = B5E94DB12D0B21F800149265 /* IRGLProgramVR.swift */; };
		B5E94F3A2D0B21F800149265 /* IRGLRenderRGB.swift in Sources */ = {isa = PBXBuildFile; fileRef = B5E94DCB2D0B21F800149265 /* IRGLRenderRGB.swift */; };
		B5E94F3B2D0B21F800149265 /* IRPLFImage.swift in Sources */ = {isa = PBXBuildFile; fileRef = B5E94E162D0B21F800149265 /* IRPLFImage.swift */; };
		B5E94F3C2D0B21F800149265 /* IRFFVideoToolBox.swift in Sources */ = {isa = PBXBuildFile; fileRef = B5E94E032D0B21F800149265 /* IRFFVideoToolBox.swift */; };
		B5E94F3D2D0B21F800149265 /* IRPlayerTrack.swift in Sources */ = {isa = PBXBuildFile; fileRef = B5E94E1E2D0B21F800149265 /* IRPlayerTrack.swift */; };
		B5E94F3E2D0B21F800149265 /* IRYUVTools.swift in Sources */ = {isa = PBXBuildFile; fileRef = B5E94E102D0B21F800149265 /* IRYUVTools.swift */; };
		B5E94F3F2D0B21F800149265 /* IRGLTransformControllerVR.swift in Sources */ = {isa = PBXBuildFile; fileRef = B5E94DDF2D0B21F800149265 /* IRGLTransformControllerVR.swift */; };
		B5E94F832D0B21F800149265 /* IRGLDefine.h in Headers */ = {isa = PBXBuildFile; fileRef = B5E94DE42D0B21F800149265 /* IRGLDefine.h */; settings = {ATTRIBUTES = (Public, ); }; };
		B5E94F962D0B21F800149265 /* IRPlayer_swift.h in Headers */ = {isa = PBXBuildFile; fileRef = B5E94EC02D0B21F800149265 /* IRPlayer_swift.h */; settings = {ATTRIBUTES = (Public, ); }; };
		B5E94FBB2D0B21F800149265 /* IRGLMath.h in Headers */ = {isa = PBXBuildFile; fileRef = B5E94DE52D0B21F800149265 /* IRGLMath.h */; settings = {ATTRIBUTES = (Public, ); }; };
		B5E94FE12D0B21F800149265 /* IRFFPlayer.h in Headers */ = {isa = PBXBuildFile; fileRef = B5E94E052D0B21F800149265 /* IRFFPlayer.h */; };
		B5E94FEF2D0B268500149265 /* IRPlayer_swiftTests.swift in Sources */ = {isa = PBXBuildFile; fileRef = B5E94FEB2D0B220400149265 /* IRPlayer_swiftTests.swift */; };
		D1B25EAB2804376100F79DCC /* IRPlayer_swift.framework in Frameworks */ = {isa = PBXBuildFile; fileRef = D1B25EA02804376000F79DCC /* IRPlayer_swift.framework */; };
/* End PBXBuildFile section */

/* Begin PBXContainerItemProxy section */
		D1B25EAC2804376100F79DCC /* PBXContainerItemProxy */ = {
			isa = PBXContainerItemProxy;
			containerPortal = D1B25E972804376000F79DCC /* Project object */;
			proxyType = 1;
			remoteGlobalIDString = D1B25E9F2804376000F79DCC;
			remoteInfo = "IRPlayer-swift";
		};
/* End PBXContainerItemProxy section */

/* Begin PBXFileReference section */
		B559AA5C2D15C603007A9F9F /* package.xcworkspace */ = {isa = PBXFileReference; lastKnownFileType = wrapper.workspace; path = package.xcworkspace; sourceTree = "<group>"; };
		B559AA5F2D15C603007A9F9F /* IRFFMpeg.h */ = {isa = PBXFileReference; lastKnownFileType = sourcecode.c.h; path = IRFFMpeg.h; sourceTree = "<group>"; };
		B559AA612D15C603007A9F9F /* libavcodec.xcframework */ = {isa = PBXFileReference; lastKnownFileType = wrapper.xcframework; path = libavcodec.xcframework; sourceTree = "<group>"; };
		B559AA622D15C603007A9F9F /* libavdevice.xcframework */ = {isa = PBXFileReference; lastKnownFileType = wrapper.xcframework; path = libavdevice.xcframework; sourceTree = "<group>"; };
		B559AA632D15C603007A9F9F /* libavfilter.xcframework */ = {isa = PBXFileReference; lastKnownFileType = wrapper.xcframework; path = libavfilter.xcframework; sourceTree = "<group>"; };
		B559AA642D15C603007A9F9F /* libavformat.xcframework */ = {isa = PBXFileReference; lastKnownFileType = wrapper.xcframework; path = libavformat.xcframework; sourceTree = "<group>"; };
		B559AA652D15C603007A9F9F /* libavutil.xcframework */ = {isa = PBXFileReference; lastKnownFileType = wrapper.xcframework; path = libavutil.xcframework; sourceTree = "<group>"; };
		B559AA662D15C603007A9F9F /* libswresample.xcframework */ = {isa = PBXFileReference; lastKnownFileType = wrapper.xcframework; path = libswresample.xcframework; sourceTree = "<group>"; };
		B559AA672D15C603007A9F9F /* libswscale.xcframework */ = {isa = PBXFileReference; lastKnownFileType = wrapper.xcframework; path = libswscale.xcframework; sourceTree = "<group>"; };
		B559AA692D15C603007A9F9F /* IRFFMpeg.m */ = {isa = PBXFileReference; lastKnownFileType = sourcecode.c.objc; path = IRFFMpeg.m; sourceTree = "<group>"; };
		B5A024E32D0B2F1C00BE80C5 /* IRFFMpegErrorUtil.m */ = {isa = PBXFileReference; lastKnownFileType = sourcecode.c.objc; path = IRFFMpegErrorUtil.m; sourceTree = "<group>"; };
		B5A024E62D0B305700BE80C5 /* IRFFMpegErrorUtil.h */ = {isa = PBXFileReference; lastKnownFileType = sourcecode.c.h; path = IRFFMpegErrorUtil.h; sourceTree = "<group>"; };
		B5A0252A2D0C456E00BE80C5 /* public.modulemap */ = {isa = PBXFileReference; lastKnownFileType = "sourcecode.module-map"; path = public.modulemap; sourceTree = "<group>"; };
		B5A0252B2D0C456E00BE80C5 /* public-umbrella.h */ = {isa = PBXFileReference; lastKnownFileType = sourcecode.c.h; path = "public-umbrella.h"; sourceTree = "<group>"; };
		B5A0252D2D0C456E00BE80C5 /* private.modulemap */ = {isa = PBXFileReference; lastKnownFileType = "sourcecode.module-map"; path = private.modulemap; sourceTree = "<group>"; };
		B5A0252E2D0C456E00BE80C5 /* private-umbrella.h */ = {isa = PBXFileReference; lastKnownFileType = sourcecode.c.h; path = "private-umbrella.h"; sourceTree = "<group>"; };
		B5E94D602D09501300149265 /* libbz2.tbd */ = {isa = PBXFileReference; lastKnownFileType = "sourcecode.text-based-dylib-definition"; name = libbz2.tbd; path = Platforms/MacOSX.platform/Developer/SDKs/MacOSX15.0.sdk/usr/lib/libbz2.tbd; sourceTree = DEVELOPER_DIR; };
		B5E94D612D09505500149265 /* libiconv.tbd */ = {isa = PBXFileReference; lastKnownFileType = "sourcecode.text-based-dylib-definition"; name = libiconv.tbd; path = Platforms/MacOSX.platform/Developer/SDKs/MacOSX15.0.sdk/usr/lib/libiconv.tbd; sourceTree = DEVELOPER_DIR; };
		B5E94D622D09506E00149265 /* liblzma.tbd */ = {isa = PBXFileReference; lastKnownFileType = "sourcecode.text-based-dylib-definition"; name = liblzma.tbd; path = Platforms/MacOSX.platform/Developer/SDKs/MacOSX15.0.sdk/usr/lib/liblzma.tbd; sourceTree = DEVELOPER_DIR; };
		B5E94D642D09509F00149265 /* libz.tbd */ = {isa = PBXFileReference; lastKnownFileType = "sourcecode.text-based-dylib-definition"; name = libz.tbd; path = Platforms/MacOSX.platform/Developer/SDKs/MacOSX15.0.sdk/usr/lib/libz.tbd; sourceTree = DEVELOPER_DIR; };
		B5E94D6B2D0B21F800149265 /* IRAudioManager.swift */ = {isa = PBXFileReference; lastKnownFileType = sourcecode.swift; path = IRAudioManager.swift; sourceTree = "<group>"; };
		B5E94D6D2D0B21F800149265 /* IRAVPlayer.swift */ = {isa = PBXFileReference; lastKnownFileType = sourcecode.swift; path = IRAVPlayer.swift; sourceTree = "<group>"; };
		B5E94D6F2D0B21F800149265 /* IRFisheyeParameter.swift */ = {isa = PBXFileReference; lastKnownFileType = sourcecode.swift; path = IRFisheyeParameter.swift; sourceTree = "<group>"; };
		B5E94D702D0B21F800149265 /* IRMediaParameter.swift */ = {isa = PBXFileReference; lastKnownFileType = sourcecode.swift; path = IRMediaParameter.swift; sourceTree = "<group>"; };
		B5E94D722D0B21F800149265 /* IRBounceController.swift */ = {isa = PBXFileReference; lastKnownFileType = sourcecode.swift; path = IRBounceController.swift; sourceTree = "<group>"; };
		B5E94D762D0B21F800149265 /* IRePTZShiftController.swift */ = {isa = PBXFileReference; lastKnownFileType = sourcecode.swift; path = IRePTZShiftController.swift; sourceTree = "<group>"; };
		B5E94D782D0B21F800149265 /* IRGestureController.swift */ = {isa = PBXFileReference; lastKnownFileType = sourcecode.swift; path = IRGestureController.swift; sourceTree = "<group>"; };
		B5E94D792D0B21F800149265 /* IRGLGestureController.swift */ = {isa = PBXFileReference; lastKnownFileType = sourcecode.swift; path = IRGLGestureController.swift; sourceTree = "<group>"; };
		B5E94D7B2D0B21F800149265 /* IRSmoothScrollController.swift */ = {isa = PBXFileReference; lastKnownFileType = sourcecode.swift; path = IRSmoothScrollController.swift; sourceTree = "<group>"; };
		B5E94D802D0B21F800149265 /* IRGLFragmentFish2PanoShaderGLSL.swift */ = {isa = PBXFileReference; lastKnownFileType = sourcecode.swift; path = IRGLFragmentFish2PanoShaderGLSL.swift; sourceTree = "<group>"; };
		B5E94D832D0B21F800149265 /* IRGLFragmentFish2PerspShaderGLSL.swift */ = {isa = PBXFileReference; lastKnownFileType = sourcecode.swift; path = IRGLFragmentFish2PerspShaderGLSL.swift; sourceTree = "<group>"; };
		B5E94D862D0B21F800149265 /* IRGLFragmentNV12ShaderGLSL.swift */ = {isa = PBXFileReference; lastKnownFileType = sourcecode.swift; path = IRGLFragmentNV12ShaderGLSL.swift; sourceTree = "<group>"; };
		B5E94D892D0B21F800149265 /* IRGLFragmentRGBShaderGLSL.swift */ = {isa = PBXFileReference; lastKnownFileType = sourcecode.swift; path = IRGLFragmentRGBShaderGLSL.swift; sourceTree = "<group>"; };
		B5E94D8C2D0B21F800149265 /* IRGLFragmentYUVShaderGLSL.swift */ = {isa = PBXFileReference; lastKnownFileType = sourcecode.swift; path = IRGLFragmentYUVShaderGLSL.swift; sourceTree = "<group>"; };
		B5E94D8E2D0B21F800149265 /* IRGLRenderMode.swift */ = {isa = PBXFileReference; lastKnownFileType = sourcecode.swift; path = IRGLRenderMode.swift; sourceTree = "<group>"; };
		B5E94D8F2D0B21F800149265 /* IRGLRenderMode2D.swift */ = {isa = PBXFileReference; lastKnownFileType = sourcecode.swift; path = IRGLRenderMode2D.swift; sourceTree = "<group>"; };
		B5E94D902D0B21F800149265 /* IRGLRenderMode2DFisheye2Pano.swift */ = {isa = PBXFileReference; lastKnownFileType = sourcecode.swift; path = IRGLRenderMode2DFisheye2Pano.swift; sourceTree = "<group>"; };
		B5E94D912D0B21F800149265 /* IRGLRenderMode3DFisheye.swift */ = {isa = PBXFileReference; lastKnownFileType = sourcecode.swift; path = IRGLRenderMode3DFisheye.swift; sourceTree = "<group>"; };
		B5E94D922D0B21F800149265 /* IRGLRenderModeDistortion.swift */ = {isa = PBXFileReference; lastKnownFileType = sourcecode.swift; path = IRGLRenderModeDistortion.swift; sourceTree = "<group>"; };
		B5E94D952D0B21F800149265 /* IRGLRenderModeFactory.swift */ = {isa = PBXFileReference; lastKnownFileType = sourcecode.swift; path = IRGLRenderModeFactory.swift; sourceTree = "<group>"; };
		B5E94D962D0B21F800149265 /* IRGLRenderModeMulti4P.swift */ = {isa = PBXFileReference; lastKnownFileType = sourcecode.swift; path = IRGLRenderModeMulti4P.swift; sourceTree = "<group>"; };
		B5E94D972D0B21F800149265 /* IRGLRenderModeVR.swift */ = {isa = PBXFileReference; lastKnownFileType = sourcecode.swift; path = IRGLRenderModeVR.swift; sourceTree = "<group>"; };
		B5E94D9B2D0B21F800149265 /* IRGLFish2PanoShaderParams.swift */ = {isa = PBXFileReference; lastKnownFileType = sourcecode.swift; path = IRGLFish2PanoShaderParams.swift; sourceTree = "<group>"; };
		B5E94D9E2D0B21F800149265 /* IRGLFish2PerspShaderParams.swift */ = {isa = PBXFileReference; lastKnownFileType = sourcecode.swift; path = IRGLFish2PerspShaderParams.swift; sourceTree = "<group>"; };
		B5E94DA12D0B21F800149265 /* IRGLShaderParams.swift */ = {isa = PBXFileReference; lastKnownFileType = sourcecode.swift; path = IRGLShaderParams.swift; sourceTree = "<group>"; };
		B5E94DA52D0B21F800149265 /* IRGLProgramDistortion.swift */ = {isa = PBXFileReference; lastKnownFileType = sourcecode.swift; path = IRGLProgramDistortion.swift; sourceTree = "<group>"; };
		B5E94DA72D0B21F800149265 /* IRGLProgram2DFactory.swift */ = {isa = PBXFileReference; lastKnownFileType = sourcecode.swift; path = IRGLProgram2DFactory.swift; sourceTree = "<group>"; };
		B5E94DA82D0B21F800149265 /* IRGLProgram2DFisheye2PanoFactory.swift */ = {isa = PBXFileReference; lastKnownFileType = sourcecode.swift; path = IRGLProgram2DFisheye2PanoFactory.swift; sourceTree = "<group>"; };
		B5E94DA92D0B21F800149265 /* IRGLProgram3DFisheye4PFactory.swift */ = {isa = PBXFileReference; lastKnownFileType = sourcecode.swift; path = IRGLProgram3DFisheye4PFactory.swift; sourceTree = "<group>"; };
		B5E94DAA2D0B21F800149265 /* IRGLProgram3DFisheyeFactory.swift */ = {isa = PBXFileReference; lastKnownFileType = sourcecode.swift; path = IRGLProgram3DFisheyeFactory.swift; sourceTree = "<group>"; };
		B5E94DAB2D0B21F800149265 /* IRGLProgramDistortionFactory.swift */ = {isa = PBXFileReference; lastKnownFileType = sourcecode.swift; path = IRGLProgramDistortionFactory.swift; sourceTree = "<group>"; };
		B5E94DAC2D0B21F800149265 /* IRGLProgramFactory.swift */ = {isa = PBXFileReference; lastKnownFileType = sourcecode.swift; path = IRGLProgramFactory.swift; sourceTree = "<group>"; };
		B5E94DAD2D0B21F800149265 /* IRGLProgramVRFactory.swift */ = {isa = PBXFileReference; lastKnownFileType = sourcecode.swift; path = IRGLProgramVRFactory.swift; sourceTree = "<group>"; };
		B5E94DB12D0B21F800149265 /* IRGLProgramVR.swift */ = {isa = PBXFileReference; lastKnownFileType = sourcecode.swift; path = IRGLProgramVR.swift; sourceTree = "<group>"; };
		B5E94DB32D0B21F800149265 /* IRGLProgram2D.swift */ = {isa = PBXFileReference; lastKnownFileType = sourcecode.swift; path = IRGLProgram2D.swift; sourceTree = "<group>"; };
		B5E94DB42D0B21F800149265 /* IRGLProgram2DFisheye2Pano.swift */ = {isa = PBXFileReference; lastKnownFileType = sourcecode.swift; path = IRGLProgram2DFisheye2Pano.swift; sourceTree = "<group>"; };
		B5E94DB52D0B21F800149265 /* IRGLProgram2DFisheye2Persp.swift */ = {isa = PBXFileReference; lastKnownFileType = sourcecode.swift; path = IRGLProgram2DFisheye2Persp.swift; sourceTree = "<group>"; };
		B5E94DB62D0B21F800149265 /* IRGLProgram3DFisheye.swift */ = {isa = PBXFileReference; lastKnownFileType = sourcecode.swift; path = IRGLProgram3DFisheye.swift; sourceTree = "<group>"; };
		B5E94DB72D0B21F800149265 /* IRGLProgramMulti.swift */ = {isa = PBXFileReference; lastKnownFileType = sourcecode.swift; path = IRGLProgramMulti.swift; sourceTree = "<group>"; };
		B5E94DB82D0B21F800149265 /* IRGLProgramMulti4P.swift */ = {isa = PBXFileReference; lastKnownFileType = sourcecode.swift; path = IRGLProgramMulti4P.swift; sourceTree = "<group>"; };
		B5E94DBB2D0B21F800149265 /* IRGLProjection.swift */ = {isa = PBXFileReference; lastKnownFileType = sourcecode.swift; path = IRGLProjection.swift; sourceTree = "<group>"; };
		B5E94DBE2D0B21F800149265 /* IRGLProjectionDistortion.swift */ = {isa = PBXFileReference; lastKnownFileType = sourcecode.swift; path = IRGLProjectionDistortion.swift; sourceTree = "<group>"; };
		B5E94DC12D0B21F800149265 /* IRGLProjectionEquirectangular.swift */ = {isa = PBXFileReference; lastKnownFileType = sourcecode.swift; path = IRGLProjectionEquirectangular.swift; sourceTree = "<group>"; };
		B5E94DC42D0B21F800149265 /* IRGLProjectionOrthographic.swift */ = {isa = PBXFileReference; lastKnownFileType = sourcecode.swift; path = IRGLProjectionOrthographic.swift; sourceTree = "<group>"; };
		B5E94DC72D0B21F800149265 /* IRGLProjectionVR.swift */ = {isa = PBXFileReference; lastKnownFileType = sourcecode.swift; path = IRGLProjectionVR.swift; sourceTree = "<group>"; };
		B5E94DC92D0B21F800149265 /* IRGLRenderBase.swift */ = {isa = PBXFileReference; lastKnownFileType = sourcecode.swift; path = IRGLRenderBase.swift; sourceTree = "<group>"; };
		B5E94DCA2D0B21F800149265 /* IRGLRenderNV12.swift */ = {isa = PBXFileReference; lastKnownFileType = sourcecode.swift; path = IRGLRenderNV12.swift; sourceTree = "<group>"; };
		B5E94DCB2D0B21F800149265 /* IRGLRenderRGB.swift */ = {isa = PBXFileReference; lastKnownFileType = sourcecode.swift; path = IRGLRenderRGB.swift; sourceTree = "<group>"; };
		B5E94DCC2D0B21F800149265 /* IRGLRenderYUV.swift */ = {isa = PBXFileReference; lastKnownFileType = sourcecode.swift; path = IRGLRenderYUV.swift; sourceTree = "<group>"; };
		B5E94DCE2D0B21F800149265 /* IRGLScope2D.swift */ = {isa = PBXFileReference; lastKnownFileType = sourcecode.swift; path = IRGLScope2D.swift; sourceTree = "<group>"; };
		B5E94DCF2D0B21F800149265 /* IRGLScope3D.swift */ = {isa = PBXFileReference; lastKnownFileType = sourcecode.swift; path = IRGLScope3D.swift; sourceTree = "<group>"; };
		B5E94DD32D0B21F800149265 /* IRGLTransformController.swift */ = {isa = PBXFileReference; lastKnownFileType = sourcecode.swift; path = IRGLTransformController.swift; sourceTree = "<group>"; };
		B5E94DD62D0B21F800149265 /* IRGLTransformController2D.swift */ = {isa = PBXFileReference; lastKnownFileType = sourcecode.swift; path = IRGLTransformController2D.swift; sourceTree = "<group>"; };
		B5E94DD92D0B21F800149265 /* IRGLTransformController3DFisheye.swift */ = {isa = PBXFileReference; lastKnownFileType = sourcecode.swift; path = IRGLTransformController3DFisheye.swift; sourceTree = "<group>"; };
		B5E94DDC2D0B21F800149265 /* IRGLTransformControllerDistortion.swift */ = {isa = PBXFileReference; lastKnownFileType = sourcecode.swift; path = IRGLTransformControllerDistortion.swift; sourceTree = "<group>"; };
		B5E94DDF2D0B21F800149265 /* IRGLTransformControllerVR.swift */ = {isa = PBXFileReference; lastKnownFileType = sourcecode.swift; path = IRGLTransformControllerVR.swift; sourceTree = "<group>"; };
		B5E94DE12D0B21F800149265 /* IRGLVertex3DShaderGLSL.swift */ = {isa = PBXFileReference; lastKnownFileType = sourcecode.swift; path = IRGLVertex3DShaderGLSL.swift; sourceTree = "<group>"; };
		B5E94DE22D0B21F800149265 /* IRGLVertexShaderGLSL.swift */ = {isa = PBXFileReference; lastKnownFileType = sourcecode.swift; path = IRGLVertexShaderGLSL.swift; sourceTree = "<group>"; };
		B5E94DE42D0B21F800149265 /* IRGLDefine.h */ = {isa = PBXFileReference; lastKnownFileType = sourcecode.c.h; path = IRGLDefine.h; sourceTree = "<group>"; };
		B5E94DE52D0B21F800149265 /* IRGLMath.h */ = {isa = PBXFileReference; lastKnownFileType = sourcecode.c.h; path = IRGLMath.h; sourceTree = "<group>"; };
		B5E94DE72D0B21F800149265 /* IRGLSupportPixelFormat.swift */ = {isa = PBXFileReference; lastKnownFileType = sourcecode.swift; path = IRGLSupportPixelFormat.swift; sourceTree = "<group>"; };
		B5E94DEA2D0B21F800149265 /* IRGLView.swift */ = {isa = PBXFileReference; lastKnownFileType = sourcecode.swift; path = IRGLView.swift; sourceTree = "<group>"; };
		B5E94DED2D0B21F800149265 /* IRFFAudioFrame.swift */ = {isa = PBXFileReference; lastKnownFileType = sourcecode.swift; path = IRFFAudioFrame.swift; sourceTree = "<group>"; };
		B5E94DEE2D0B21F800149265 /* IRFFAVYUVVideoFrame.swift */ = {isa = PBXFileReference; lastKnownFileType = sourcecode.swift; path = IRFFAVYUVVideoFrame.swift; sourceTree = "<group>"; };
		B5E94DEF2D0B21F800149265 /* IRFFCVYUVVideoFrame.swift */ = {isa = PBXFileReference; lastKnownFileType = sourcecode.swift; path = IRFFCVYUVVideoFrame.swift; sourceTree = "<group>"; };
		B5E94DF02D0B21F800149265 /* IRFFFrame.swift */ = {isa = PBXFileReference; lastKnownFileType = sourcecode.swift; path = IRFFFrame.swift; sourceTree = "<group>"; };
		B5E94DF12D0B21F800149265 /* IRFFFramePool.swift */ = {isa = PBXFileReference; lastKnownFileType = sourcecode.swift; path = IRFFFramePool.swift; sourceTree = "<group>"; };
		B5E94DF22D0B21F800149265 /* IRFFFrameQueue.swift */ = {isa = PBXFileReference; lastKnownFileType = sourcecode.swift; path = IRFFFrameQueue.swift; sourceTree = "<group>"; };
		B5E94DF32D0B21F800149265 /* IRFFPacketQueue.swift */ = {isa = PBXFileReference; lastKnownFileType = sourcecode.swift; path = IRFFPacketQueue.swift; sourceTree = "<group>"; };
		B5E94DF42D0B21F800149265 /* IRFFVideoFrame.swift */ = {isa = PBXFileReference; lastKnownFileType = sourcecode.swift; path = IRFFVideoFrame.swift; sourceTree = "<group>"; };
		B5E94DF52D0B21F800149265 /* IRVideoFrameRGB.swift */ = {isa = PBXFileReference; lastKnownFileType = sourcecode.swift; path = IRVideoFrameRGB.swift; sourceTree = "<group>"; };
		B5E94DF72D0B21F800149265 /* IRFFAudioDecoder.swift */ = {isa = PBXFileReference; lastKnownFileType = sourcecode.swift; path = IRFFAudioDecoder.swift; sourceTree = "<group>"; };
		B5E94DF82D0B21F800149265 /* IRFFDecoder.swift */ = {isa = PBXFileReference; lastKnownFileType = sourcecode.swift; path = IRFFDecoder.swift; sourceTree = "<group>"; };
		B5E94DF92D0B21F800149265 /* IRFFFormatContext.swift */ = {isa = PBXFileReference; lastKnownFileType = sourcecode.swift; path = IRFFFormatContext.swift; sourceTree = "<group>"; };
		B5E94DFC2D0B21F800149265 /* IRFFMetadata.swift */ = {isa = PBXFileReference; lastKnownFileType = sourcecode.swift; path = IRFFMetadata.swift; sourceTree = "<group>"; };
		B5E94DFD2D0B21F800149265 /* IRFFTools.swift */ = {isa = PBXFileReference; lastKnownFileType = sourcecode.swift; path = IRFFTools.swift; sourceTree = "<group>"; };
		B5E94E002D0B21F800149265 /* IRFFTrack.swift */ = {isa = PBXFileReference; lastKnownFileType = sourcecode.swift; path = IRFFTrack.swift; sourceTree = "<group>"; };
		B5E94E012D0B21F800149265 /* IRFFVideoDecoder.swift */ = {isa = PBXFileReference; lastKnownFileType = sourcecode.swift; path = IRFFVideoDecoder.swift; sourceTree = "<group>"; };
		B5E94E022D0B21F800149265 /* IRFFVideoInput.swift */ = {isa = PBXFileReference; lastKnownFileType = sourcecode.swift; path = IRFFVideoInput.swift; sourceTree = "<group>"; };
		B5E94E032D0B21F800149265 /* IRFFVideoToolBox.swift */ = {isa = PBXFileReference; lastKnownFileType = sourcecode.swift; path = IRFFVideoToolBox.swift; sourceTree = "<group>"; };
		B5E94E052D0B21F800149265 /* IRFFPlayer.h */ = {isa = PBXFileReference; lastKnownFileType = sourcecode.c.h; path = IRFFPlayer.h; sourceTree = "<group>"; };
		B5E94E072D0B21F800149265 /* IRFFPlayer.swift */ = {isa = PBXFileReference; lastKnownFileType = sourcecode.swift; path = IRFFPlayer.swift; sourceTree = "<group>"; };
		B5E94E0B2D0B21F800149265 /* IRSensor.swift */ = {isa = PBXFileReference; lastKnownFileType = sourcecode.swift; path = IRSensor.swift; sourceTree = "<group>"; };
		B5E94E0F2D0B21F800149265 /* IRFFMpegErrorUtil.swift */ = {isa = PBXFileReference; lastKnownFileType = sourcecode.swift; path = IRFFMpegErrorUtil.swift; sourceTree = "<group>"; };
		B5E94E102D0B21F800149265 /* IRYUVTools.swift */ = {isa = PBXFileReference; lastKnownFileType = sourcecode.swift; path = IRYUVTools.swift; sourceTree = "<group>"; };
		B5E94E122D0B21F800149265 /* IRPlayerNotification.swift */ = {isa = PBXFileReference; lastKnownFileType = sourcecode.swift; path = IRPlayerNotification.swift; sourceTree = "<group>"; };
		B5E94E162D0B21F800149265 /* IRPLFImage.swift */ = {isa = PBXFileReference; lastKnownFileType = sourcecode.swift; path = IRPLFImage.swift; sourceTree = "<group>"; };
		B5E94E192D0B21F800149265 /* IRPLFView.swift */ = {isa = PBXFileReference; lastKnownFileType = sourcecode.swift; path = IRPLFView.swift; sourceTree = "<group>"; };
		B5E94E1B2D0B21F800149265 /* IRPlayerAction.swift */ = {isa = PBXFileReference; lastKnownFileType = sourcecode.swift; path = IRPlayerAction.swift; sourceTree = "<group>"; };
		B5E94E1C2D0B21F800149265 /* IRPlayerDecoder.swift */ = {isa = PBXFileReference; lastKnownFileType = sourcecode.swift; path = IRPlayerDecoder.swift; sourceTree = "<group>"; };
		B5E94E1D2D0B21F800149265 /* IRPlayerImp.swift */ = {isa = PBXFileReference; lastKnownFileType = sourcecode.swift; path = IRPlayerImp.swift; sourceTree = "<group>"; };
		B5E94E1E2D0B21F800149265 /* IRPlayerTrack.swift */ = {isa = PBXFileReference; lastKnownFileType = sourcecode.swift; path = IRPlayerTrack.swift; sourceTree = "<group>"; };
		B5E94EC02D0B21F800149265 /* IRPlayer_swift.h */ = {isa = PBXFileReference; lastKnownFileType = sourcecode.c.h; path = IRPlayer_swift.h; sourceTree = "<group>"; };
		B5E94EC12D0B21F800149265 /* IRPlayer_swift.docc */ = {isa = PBXFileReference; lastKnownFileType = folder.documentationcatalog; path = IRPlayer_swift.docc; sourceTree = "<group>"; };
		B5E94FEB2D0B220400149265 /* IRPlayer_swiftTests.swift */ = {isa = PBXFileReference; lastKnownFileType = sourcecode.swift; path = IRPlayer_swiftTests.swift; sourceTree = "<group>"; };
		D1B25EA02804376000F79DCC /* IRPlayer_swift.framework */ = {isa = PBXFileReference; explicitFileType = wrapper.framework; includeInIndex = 0; path = IRPlayer_swift.framework; sourceTree = BUILT_PRODUCTS_DIR; };
		D1B25EAA2804376100F79DCC /* IRPlayer-swiftTests.xctest */ = {isa = PBXFileReference; explicitFileType = wrapper.cfbundle; includeInIndex = 0; path = "IRPlayer-swiftTests.xctest"; sourceTree = BUILT_PRODUCTS_DIR; };
/* End PBXFileReference section */

/* Begin PBXFrameworksBuildPhase section */
		D1B25E9D2804376000F79DCC /* Frameworks */ = {
			isa = PBXFrameworksBuildPhase;
			buildActionMask = 2147483647;
			files = (
				B5E94D682D0950FD00149265 /* liblzma.tbd in Frameworks */,
				B5E94D672D0950EF00149265 /* libz.tbd in Frameworks */,
				B559AA6B2D15C603007A9F9F /* libavcodec.xcframework in Frameworks */,
				B559AA6C2D15C603007A9F9F /* libavfilter.xcframework in Frameworks */,
				B559AA6D2D15C603007A9F9F /* libavdevice.xcframework in Frameworks */,
				B559AA6E2D15C603007A9F9F /* libswresample.xcframework in Frameworks */,
				B559AA6F2D15C603007A9F9F /* libswscale.xcframework in Frameworks */,
				B559AA702D15C603007A9F9F /* libavformat.xcframework in Frameworks */,
				B559AA712D15C603007A9F9F /* libavutil.xcframework in Frameworks */,
				B5E94D662D0950DB00149265 /* libbz2.tbd in Frameworks */,
			);
			runOnlyForDeploymentPostprocessing = 0;
		};
		D1B25EA72804376100F79DCC /* Frameworks */ = {
			isa = PBXFrameworksBuildPhase;
			buildActionMask = 2147483647;
			files = (
				D1B25EAB2804376100F79DCC /* IRPlayer_swift.framework in Frameworks */,
			);
			runOnlyForDeploymentPostprocessing = 0;
		};
/* End PBXFrameworksBuildPhase section */

/* Begin PBXGroup section */
		B559AA5D2D15C603007A9F9F /* xcode */ = {
			isa = PBXGroup;
			children = (
				B559AA5C2D15C603007A9F9F /* package.xcworkspace */,
			);
			path = xcode;
			sourceTree = "<group>";
		};
		B559AA5E2D15C603007A9F9F /* .swiftpm */ = {
			isa = PBXGroup;
			children = (
				B559AA5D2D15C603007A9F9F /* xcode */,
			);
			path = .swiftpm;
			sourceTree = "<group>";
		};
		B559AA602D15C603007A9F9F /* include */ = {
			isa = PBXGroup;
			children = (
				B559AA5F2D15C603007A9F9F /* IRFFMpeg.h */,
			);
			path = include;
			sourceTree = "<group>";
		};
		B559AA682D15C603007A9F9F /* Libs */ = {
			isa = PBXGroup;
			children = (
				B559AA612D15C603007A9F9F /* libavcodec.xcframework */,
				B559AA622D15C603007A9F9F /* libavdevice.xcframework */,
				B559AA632D15C603007A9F9F /* libavfilter.xcframework */,
				B559AA642D15C603007A9F9F /* libavformat.xcframework */,
				B559AA652D15C603007A9F9F /* libavutil.xcframework */,
				B559AA662D15C603007A9F9F /* libswresample.xcframework */,
				B559AA672D15C603007A9F9F /* libswscale.xcframework */,
			);
			path = Libs;
			sourceTree = "<group>";
		};
		B559AA6A2D15C603007A9F9F /* IRFFMpeg */ = {
			isa = PBXGroup;
			children = (
				B559AA5E2D15C603007A9F9F /* .swiftpm */,
				B559AA602D15C603007A9F9F /* include */,
				B559AA682D15C603007A9F9F /* Libs */,
				B559AA692D15C603007A9F9F /* IRFFMpeg.m */,
			);
			path = IRFFMpeg;
			sourceTree = "<group>";
		};
		B5A024E52D0B2F3100BE80C5 /* Objc */ = {
			isa = PBXGroup;
			children = (
				B5A024E72D0B305700BE80C5 /* include */,
				B5A024E32D0B2F1C00BE80C5 /* IRFFMpegErrorUtil.m */,
			);
			path = Objc;
			sourceTree = "<group>";
		};
		B5A024E72D0B305700BE80C5 /* include */ = {
			isa = PBXGroup;
			children = (
				B5A024E62D0B305700BE80C5 /* IRFFMpegErrorUtil.h */,
			);
			path = include;
			sourceTree = "<group>";
		};
		B5A0252C2D0C456E00BE80C5 /* include */ = {
			isa = PBXGroup;
			children = (
				B5A0252A2D0C456E00BE80C5 /* public.modulemap */,
				B5A0252B2D0C456E00BE80C5 /* public-umbrella.h */,
			);
			path = include;
			sourceTree = "<group>";
		};
		B5A0252F2D0C456E00BE80C5 /* private_include */ = {
			isa = PBXGroup;
			children = (
				B5A0252D2D0C456E00BE80C5 /* private.modulemap */,
				B5A0252E2D0C456E00BE80C5 /* private-umbrella.h */,
			);
			path = private_include;
			sourceTree = "<group>";
		};
		B5E94D6C2D0B21F800149265 /* Audio */ = {
			isa = PBXGroup;
			children = (
				B5E94D6B2D0B21F800149265 /* IRAudioManager.swift */,
			);
			path = Audio;
			sourceTree = "<group>";
		};
		B5E94D6E2D0B21F800149265 /* AVPlayer */ = {
			isa = PBXGroup;
			children = (
				B5E94D6D2D0B21F800149265 /* IRAVPlayer.swift */,
			);
			path = AVPlayer;
			sourceTree = "<group>";
		};
		B5E94D712D0B21F800149265 /* Config */ = {
			isa = PBXGroup;
			children = (
				B5E94D6F2D0B21F800149265 /* IRFisheyeParameter.swift */,
				B5E94D702D0B21F800149265 /* IRMediaParameter.swift */,
			);
			path = Config;
			sourceTree = "<group>";
		};
		B5E94D732D0B21F800149265 /* Bounce */ = {
			isa = PBXGroup;
			children = (
				B5E94D722D0B21F800149265 /* IRBounceController.swift */,
			);
			path = Bounce;
			sourceTree = "<group>";
		};
		B5E94D772D0B21F800149265 /* DeviceShiftController */ = {
			isa = PBXGroup;
			children = (
				B5E94D762D0B21F800149265 /* IRePTZShiftController.swift */,
			);
			path = DeviceShiftController;
			sourceTree = "<group>";
		};
		B5E94D7A2D0B21F800149265 /* GestureController */ = {
			isa = PBXGroup;
			children = (
				B5E94D782D0B21F800149265 /* IRGestureController.swift */,
				B5E94D792D0B21F800149265 /* IRGLGestureController.swift */,
			);
			path = GestureController;
			sourceTree = "<group>";
		};
		B5E94D7C2D0B21F800149265 /* ScrollController */ = {
			isa = PBXGroup;
			children = (
				B5E94D7B2D0B21F800149265 /* IRSmoothScrollController.swift */,
			);
			path = ScrollController;
			sourceTree = "<group>";
		};
		B5E94D7D2D0B21F800149265 /* Controller */ = {
			isa = PBXGroup;
			children = (
				B5E94D732D0B21F800149265 /* Bounce */,
				B5E94D772D0B21F800149265 /* DeviceShiftController */,
				B5E94D7A2D0B21F800149265 /* GestureController */,
				B5E94D7C2D0B21F800149265 /* ScrollController */,
			);
			path = Controller;
			sourceTree = "<group>";
		};
		B5E94D8D2D0B21F800149265 /* Fragment */ = {
			isa = PBXGroup;
			children = (
				B5E94D802D0B21F800149265 /* IRGLFragmentFish2PanoShaderGLSL.swift */,
				B5E94D832D0B21F800149265 /* IRGLFragmentFish2PerspShaderGLSL.swift */,
				B5E94D862D0B21F800149265 /* IRGLFragmentNV12ShaderGLSL.swift */,
				B5E94D892D0B21F800149265 /* IRGLFragmentRGBShaderGLSL.swift */,
				B5E94D8C2D0B21F800149265 /* IRGLFragmentYUVShaderGLSL.swift */,
			);
			path = Fragment;
			sourceTree = "<group>";
		};
		B5E94D982D0B21F800149265 /* Mode */ = {
			isa = PBXGroup;
			children = (
				B5E94D8E2D0B21F800149265 /* IRGLRenderMode.swift */,
				B5E94D8F2D0B21F800149265 /* IRGLRenderMode2D.swift */,
				B5E94D902D0B21F800149265 /* IRGLRenderMode2DFisheye2Pano.swift */,
				B5E94D912D0B21F800149265 /* IRGLRenderMode3DFisheye.swift */,
				B5E94D922D0B21F800149265 /* IRGLRenderModeDistortion.swift */,
				B5E94D952D0B21F800149265 /* IRGLRenderModeFactory.swift */,
				B5E94D962D0B21F800149265 /* IRGLRenderModeMulti4P.swift */,
				B5E94D972D0B21F800149265 /* IRGLRenderModeVR.swift */,
			);
			path = Mode;
			sourceTree = "<group>";
		};
		B5E94DA22D0B21F800149265 /* Params */ = {
			isa = PBXGroup;
			children = (
				B5E94D9B2D0B21F800149265 /* IRGLFish2PanoShaderParams.swift */,
				B5E94D9E2D0B21F800149265 /* IRGLFish2PerspShaderParams.swift */,
				B5E94DA12D0B21F800149265 /* IRGLShaderParams.swift */,
			);
			path = Params;
			sourceTree = "<group>";
		};
		B5E94DA62D0B21F800149265 /* Distortion */ = {
			isa = PBXGroup;
			children = (
				B5E94DA52D0B21F800149265 /* IRGLProgramDistortion.swift */,
			);
			path = Distortion;
			sourceTree = "<group>";
		};
		B5E94DAE2D0B21F800149265 /* Factory */ = {
			isa = PBXGroup;
			children = (
				B5E94DA72D0B21F800149265 /* IRGLProgram2DFactory.swift */,
				B5E94DA82D0B21F800149265 /* IRGLProgram2DFisheye2PanoFactory.swift */,
				B5E94DA92D0B21F800149265 /* IRGLProgram3DFisheye4PFactory.swift */,
				B5E94DAA2D0B21F800149265 /* IRGLProgram3DFisheyeFactory.swift */,
				B5E94DAB2D0B21F800149265 /* IRGLProgramDistortionFactory.swift */,
				B5E94DAC2D0B21F800149265 /* IRGLProgramFactory.swift */,
				B5E94DAD2D0B21F800149265 /* IRGLProgramVRFactory.swift */,
			);
			path = Factory;
			sourceTree = "<group>";
		};
		B5E94DB22D0B21F800149265 /* VR */ = {
			isa = PBXGroup;
			children = (
				B5E94DB12D0B21F800149265 /* IRGLProgramVR.swift */,
			);
			path = VR;
			sourceTree = "<group>";
		};
		B5E94DB92D0B21F800149265 /* Program */ = {
			isa = PBXGroup;
			children = (
				B5E94DA62D0B21F800149265 /* Distortion */,
				B5E94DAE2D0B21F800149265 /* Factory */,
				B5E94DB22D0B21F800149265 /* VR */,
				B5E94DB32D0B21F800149265 /* IRGLProgram2D.swift */,
				B5E94DB42D0B21F800149265 /* IRGLProgram2DFisheye2Pano.swift */,
				B5E94DB52D0B21F800149265 /* IRGLProgram2DFisheye2Persp.swift */,
				B5E94DB62D0B21F800149265 /* IRGLProgram3DFisheye.swift */,
				B5E94DB72D0B21F800149265 /* IRGLProgramMulti.swift */,
				B5E94DB82D0B21F800149265 /* IRGLProgramMulti4P.swift */,
			);
			path = Program;
			sourceTree = "<group>";
		};
		B5E94DC82D0B21F800149265 /* Projection */ = {
			isa = PBXGroup;
			children = (
				B5E94DBB2D0B21F800149265 /* IRGLProjection.swift */,
				B5E94DBE2D0B21F800149265 /* IRGLProjectionDistortion.swift */,
				B5E94DC12D0B21F800149265 /* IRGLProjectionEquirectangular.swift */,
				B5E94DC42D0B21F800149265 /* IRGLProjectionOrthographic.swift */,
				B5E94DC72D0B21F800149265 /* IRGLProjectionVR.swift */,
			);
			path = Projection;
			sourceTree = "<group>";
		};
		B5E94DCD2D0B21F800149265 /* Render */ = {
			isa = PBXGroup;
			children = (
				B5E94DC92D0B21F800149265 /* IRGLRenderBase.swift */,
				B5E94DCA2D0B21F800149265 /* IRGLRenderNV12.swift */,
				B5E94DCB2D0B21F800149265 /* IRGLRenderRGB.swift */,
				B5E94DCC2D0B21F800149265 /* IRGLRenderYUV.swift */,
			);
			path = Render;
			sourceTree = "<group>";
		};
		B5E94DD02D0B21F800149265 /* Scope */ = {
			isa = PBXGroup;
			children = (
				B5E94DCE2D0B21F800149265 /* IRGLScope2D.swift */,
				B5E94DCF2D0B21F800149265 /* IRGLScope3D.swift */,
			);
			path = Scope;
			sourceTree = "<group>";
		};
		B5E94DE02D0B21F800149265 /* Transform */ = {
			isa = PBXGroup;
			children = (
				B5E94DD32D0B21F800149265 /* IRGLTransformController.swift */,
				B5E94DD62D0B21F800149265 /* IRGLTransformController2D.swift */,
				B5E94DD92D0B21F800149265 /* IRGLTransformController3DFisheye.swift */,
				B5E94DDC2D0B21F800149265 /* IRGLTransformControllerDistortion.swift */,
				B5E94DDF2D0B21F800149265 /* IRGLTransformControllerVR.swift */,
			);
			path = Transform;
			sourceTree = "<group>";
		};
		B5E94DE32D0B21F800149265 /* Vertex */ = {
			isa = PBXGroup;
			children = (
				B5E94DE12D0B21F800149265 /* IRGLVertex3DShaderGLSL.swift */,
				B5E94DE22D0B21F800149265 /* IRGLVertexShaderGLSL.swift */,
			);
			path = Vertex;
			sourceTree = "<group>";
		};
		B5E94DEB2D0B21F800149265 /* OpenGL */ = {
			isa = PBXGroup;
			children = (
				B5E94D8D2D0B21F800149265 /* Fragment */,
				B5E94D982D0B21F800149265 /* Mode */,
				B5E94DA22D0B21F800149265 /* Params */,
				B5E94DB92D0B21F800149265 /* Program */,
				B5E94DC82D0B21F800149265 /* Projection */,
				B5E94DCD2D0B21F800149265 /* Render */,
				B5E94DD02D0B21F800149265 /* Scope */,
				B5E94DE02D0B21F800149265 /* Transform */,
				B5E94DE32D0B21F800149265 /* Vertex */,
				B5E94DE42D0B21F800149265 /* IRGLDefine.h */,
				B5E94DE52D0B21F800149265 /* IRGLMath.h */,
				B5E94DE72D0B21F800149265 /* IRGLSupportPixelFormat.swift */,
				B5E94DEA2D0B21F800149265 /* IRGLView.swift */,
			);
			path = OpenGL;
			sourceTree = "<group>";
		};
		B5E94DEC2D0B21F800149265 /* Display */ = {
			isa = PBXGroup;
			children = (
				B5E94DEB2D0B21F800149265 /* OpenGL */,
			);
			path = Display;
			sourceTree = "<group>";
		};
		B5E94DF62D0B21F800149265 /* Frame */ = {
			isa = PBXGroup;
			children = (
				B5E94DED2D0B21F800149265 /* IRFFAudioFrame.swift */,
				B5E94DEE2D0B21F800149265 /* IRFFAVYUVVideoFrame.swift */,
				B5E94DEF2D0B21F800149265 /* IRFFCVYUVVideoFrame.swift */,
				B5E94DF02D0B21F800149265 /* IRFFFrame.swift */,
				B5E94DF12D0B21F800149265 /* IRFFFramePool.swift */,
				B5E94DF22D0B21F800149265 /* IRFFFrameQueue.swift */,
				B5E94DF32D0B21F800149265 /* IRFFPacketQueue.swift */,
				B5E94DF42D0B21F800149265 /* IRFFVideoFrame.swift */,
				B5E94DF52D0B21F800149265 /* IRVideoFrameRGB.swift */,
			);
			path = Frame;
			sourceTree = "<group>";
		};
		B5E94E042D0B21F800149265 /* FFmpeg */ = {
			isa = PBXGroup;
			children = (
				B5E94DF62D0B21F800149265 /* Frame */,
				B5E94DF72D0B21F800149265 /* IRFFAudioDecoder.swift */,
				B5E94DF82D0B21F800149265 /* IRFFDecoder.swift */,
				B5E94DF92D0B21F800149265 /* IRFFFormatContext.swift */,
				B5E94DFC2D0B21F800149265 /* IRFFMetadata.swift */,
				B5E94DFD2D0B21F800149265 /* IRFFTools.swift */,
				B5E94E002D0B21F800149265 /* IRFFTrack.swift */,
				B5E94E012D0B21F800149265 /* IRFFVideoDecoder.swift */,
				B5E94E022D0B21F800149265 /* IRFFVideoInput.swift */,
				B5E94E032D0B21F800149265 /* IRFFVideoToolBox.swift */,
			);
			path = FFmpeg;
			sourceTree = "<group>";
		};
		B5E94E082D0B21F800149265 /* FFPlayer */ = {
			isa = PBXGroup;
			children = (
				B5E94E042D0B21F800149265 /* FFmpeg */,
				B5E94E052D0B21F800149265 /* IRFFPlayer.h */,
				B5E94E072D0B21F800149265 /* IRFFPlayer.swift */,
			);
			path = FFPlayer;
			sourceTree = "<group>";
		};
		B5E94E0C2D0B21F800149265 /* Matrix */ = {
			isa = PBXGroup;
			children = (
				B5E94E0B2D0B21F800149265 /* IRSensor.swift */,
			);
			path = Matrix;
			sourceTree = "<group>";
		};
		B5E94E112D0B21F800149265 /* Tools */ = {
			isa = PBXGroup;
			children = (
				B5E94E0F2D0B21F800149265 /* IRFFMpegErrorUtil.swift */,
				B5E94E102D0B21F800149265 /* IRYUVTools.swift */,
			);
			path = Tools;
			sourceTree = "<group>";
		};
		B5E94E132D0B21F800149265 /* Core */ = {
			isa = PBXGroup;
			children = (
				B5E94D6C2D0B21F800149265 /* Audio */,
				B5E94D6E2D0B21F800149265 /* AVPlayer */,
				B5E94D712D0B21F800149265 /* Config */,
				B5E94D7D2D0B21F800149265 /* Controller */,
				B5E94DEC2D0B21F800149265 /* Display */,
				B5E94E082D0B21F800149265 /* FFPlayer */,
				B5E94E0C2D0B21F800149265 /* Matrix */,
				B5E94E112D0B21F800149265 /* Tools */,
				B5E94E122D0B21F800149265 /* IRPlayerNotification.swift */,
			);
			path = Core;
			sourceTree = "<group>";
		};
		B5E94E1A2D0B21F800149265 /* Platform */ = {
			isa = PBXGroup;
			children = (
				B5E94E162D0B21F800149265 /* IRPLFImage.swift */,
				B5E94E192D0B21F800149265 /* IRPLFView.swift */,
			);
			path = Platform;
			sourceTree = "<group>";
		};
		B5E94E1F2D0B21F800149265 /* Class */ = {
			isa = PBXGroup;
			children = (
				B5E94E132D0B21F800149265 /* Core */,
				B5E94E1A2D0B21F800149265 /* Platform */,
				B5E94E1B2D0B21F800149265 /* IRPlayerAction.swift */,
				B5E94E1C2D0B21F800149265 /* IRPlayerDecoder.swift */,
				B5E94E1D2D0B21F800149265 /* IRPlayerImp.swift */,
				B5E94E1E2D0B21F800149265 /* IRPlayerTrack.swift */,
			);
			path = Class;
			sourceTree = "<group>";
		};
		B5E94EBF2D0B21F800149265 /* ThirdParty */ = {
			isa = PBXGroup;
			children = (
				B559AA6A2D15C603007A9F9F /* IRFFMpeg */,
			);
			path = ThirdParty;
			sourceTree = "<group>";
		};
		B5E94EC62D0B21F800149265 /* IRPlayer-swift */ = {
			isa = PBXGroup;
			children = (
				B5A0252C2D0C456E00BE80C5 /* include */,
				B5A0252F2D0C456E00BE80C5 /* private_include */,
				B5A024E52D0B2F3100BE80C5 /* Objc */,
				B5E94E1F2D0B21F800149265 /* Class */,
				B5E94EBF2D0B21F800149265 /* ThirdParty */,
				B5E94EC02D0B21F800149265 /* IRPlayer_swift.h */,
				B5E94EC12D0B21F800149265 /* IRPlayer_swift.docc */,
			);
			path = "IRPlayer-swift";
			sourceTree = "<group>";
		};
		B5E94EC72D0B21F800149265 /* Sources */ = {
			isa = PBXGroup;
			children = (
				B5E94EC62D0B21F800149265 /* IRPlayer-swift */,
			);
			path = Sources;
			sourceTree = "<group>";
		};
		B5E94FEC2D0B220400149265 /* IRPlayer-swiftTests */ = {
			isa = PBXGroup;
			children = (
				B5E94FEB2D0B220400149265 /* IRPlayer_swiftTests.swift */,
			);
			path = "IRPlayer-swiftTests";
			sourceTree = "<group>";
		};
		B5E94FED2D0B220400149265 /* Tests */ = {
			isa = PBXGroup;
			children = (
				B5E94FEC2D0B220400149265 /* IRPlayer-swiftTests */,
			);
			path = Tests;
			sourceTree = "<group>";
		};
		D13D2E972809B68600C19C4D /* Frameworks */ = {
			isa = PBXGroup;
			children = (
				B5E94D642D09509F00149265 /* libz.tbd */,
				B5E94D622D09506E00149265 /* liblzma.tbd */,
				B5E94D612D09505500149265 /* libiconv.tbd */,
				B5E94D602D09501300149265 /* libbz2.tbd */,
			);
			name = Frameworks;
			sourceTree = "<group>";
		};
		D1B25E962804376000F79DCC = {
			isa = PBXGroup;
			children = (
				B5E94FED2D0B220400149265 /* Tests */,
				B5E94EC72D0B21F800149265 /* Sources */,
				D1B25EA12804376000F79DCC /* Products */,
				D13D2E972809B68600C19C4D /* Frameworks */,
			);
			sourceTree = "<group>";
		};
		D1B25EA12804376000F79DCC /* Products */ = {
			isa = PBXGroup;
			children = (
				D1B25EA02804376000F79DCC /* IRPlayer_swift.framework */,
				D1B25EAA2804376100F79DCC /* IRPlayer-swiftTests.xctest */,
			);
			name = Products;
			sourceTree = "<group>";
		};
/* End PBXGroup section */

/* Begin PBXHeadersBuildPhase section */
		D1B25E9B2804376000F79DCC /* Headers */ = {
			isa = PBXHeadersBuildPhase;
			buildActionMask = 2147483647;
			files = (
				B5A025302D0C456E00BE80C5 /* public-umbrella.h in Headers */,
				B5E94F962D0B21F800149265 /* IRPlayer_swift.h in Headers */,
				B5E94F832D0B21F800149265 /* IRGLDefine.h in Headers */,
				B5E94FBB2D0B21F800149265 /* IRGLMath.h in Headers */,
				B5A024E82D0B305700BE80C5 /* IRFFMpegErrorUtil.h in Headers */,
				B5A025312D0C456E00BE80C5 /* private-umbrella.h in Headers */,
				B559AA732D15C603007A9F9F /* IRFFMpeg.h in Headers */,
				B5E94FE12D0B21F800149265 /* IRFFPlayer.h in Headers */,
			);
			runOnlyForDeploymentPostprocessing = 0;
		};
/* End PBXHeadersBuildPhase section */

/* Begin PBXNativeTarget section */
		D1B25E9F2804376000F79DCC /* IRPlayer-swift */ = {
			isa = PBXNativeTarget;
			buildConfigurationList = D1B25EB42804376100F79DCC /* Build configuration list for PBXNativeTarget "IRPlayer-swift" */;
			buildPhases = (
				D1B25E9B2804376000F79DCC /* Headers */,
				D1B25E9C2804376000F79DCC /* Sources */,
				D1B25E9D2804376000F79DCC /* Frameworks */,
				D1B25E9E2804376000F79DCC /* Resources */,
			);
			buildRules = (
			);
			dependencies = (
			);
			name = "IRPlayer-swift";
			productName = "IRPlayer-swift";
			productReference = D1B25EA02804376000F79DCC /* IRPlayer_swift.framework */;
			productType = "com.apple.product-type.framework";
		};
		D1B25EA92804376100F79DCC /* IRPlayer-swiftTests */ = {
			isa = PBXNativeTarget;
			buildConfigurationList = D1B25EB72804376100F79DCC /* Build configuration list for PBXNativeTarget "IRPlayer-swiftTests" */;
			buildPhases = (
				D1B25EA62804376100F79DCC /* Sources */,
				D1B25EA72804376100F79DCC /* Frameworks */,
				D1B25EA82804376100F79DCC /* Resources */,
			);
			buildRules = (
			);
			dependencies = (
				D1B25EAD2804376100F79DCC /* PBXTargetDependency */,
			);
			name = "IRPlayer-swiftTests";
			productName = "IRPlayer-swiftTests";
			productReference = D1B25EAA2804376100F79DCC /* IRPlayer-swiftTests.xctest */;
			productType = "com.apple.product-type.bundle.unit-test";
		};
/* End PBXNativeTarget section */

/* Begin PBXProject section */
		D1B25E972804376000F79DCC /* Project object */ = {
			isa = PBXProject;
			attributes = {
				BuildIndependentTargetsInParallel = 1;
				LastSwiftUpdateCheck = 1330;
				LastUpgradeCheck = 1330;
				TargetAttributes = {
					D1B25E9F2804376000F79DCC = {
						CreatedOnToolsVersion = 13.3;
					};
					D1B25EA92804376100F79DCC = {
						CreatedOnToolsVersion = 13.3;
					};
				};
			};
			buildConfigurationList = D1B25E9A2804376000F79DCC /* Build configuration list for PBXProject "IRPlayer-swift" */;
			compatibilityVersion = "Xcode 13.0";
			developmentRegion = en;
			hasScannedForEncodings = 0;
			knownRegions = (
				en,
				Base,
			);
			mainGroup = D1B25E962804376000F79DCC;
			productRefGroup = D1B25EA12804376000F79DCC /* Products */;
			projectDirPath = "";
			projectRoot = "";
			targets = (
				D1B25E9F2804376000F79DCC /* IRPlayer-swift */,
				D1B25EA92804376100F79DCC /* IRPlayer-swiftTests */,
			);
		};
/* End PBXProject section */

/* Begin PBXResourcesBuildPhase section */
		D1B25E9E2804376000F79DCC /* Resources */ = {
			isa = PBXResourcesBuildPhase;
			buildActionMask = 2147483647;
			files = (
				B559AA742D15C603007A9F9F /* package.xcworkspace in Resources */,
			);
			runOnlyForDeploymentPostprocessing = 0;
		};
		D1B25EA82804376100F79DCC /* Resources */ = {
			isa = PBXResourcesBuildPhase;
			buildActionMask = 2147483647;
			files = (
			);
			runOnlyForDeploymentPostprocessing = 0;
		};
/* End PBXResourcesBuildPhase section */

/* Begin PBXSourcesBuildPhase section */
		D1B25E9C2804376000F79DCC /* Sources */ = {
			isa = PBXSourcesBuildPhase;
			buildActionMask = 2147483647;
			files = (
				B5E94EC82D0B21F800149265 /* IRGLProjectionVR.swift in Sources */,
				B5E94EC92D0B21F800149265 /* IRGLRenderBase.swift in Sources */,
				B5E94ECA2D0B21F800149265 /* IRGLFragmentRGBShaderGLSL.swift in Sources */,
				B5E94ECC2D0B21F800149265 /* IRPlayer_swift.docc in Sources */,
				B5E94ECD2D0B21F800149265 /* IRGLRenderModeVR.swift in Sources */,
				B5E94ECE2D0B21F800149265 /* IRFFTrack.swift in Sources */,
				B5E94ECF2D0B21F800149265 /* IRGLProgram2DFisheye2Pano.swift in Sources */,
				B5E94ED02D0B21F800149265 /* IRPlayerDecoder.swift in Sources */,
				B5E94ED32D0B21F800149265 /* IRGLProgramMulti4P.swift in Sources */,
				B5E94ED42D0B21F800149265 /* IRGLRenderMode2D.swift in Sources */,
				B5E94ED52D0B21F800149265 /* IRGLProgram2DFactory.swift in Sources */,
				B5E94ED72D0B21F800149265 /* IRGLRenderMode.swift in Sources */,
				B5E94ED82D0B21F800149265 /* IRSmoothScrollController.swift in Sources */,
				B5E94EDB2D0B21F800149265 /* IRGLProgramDistortion.swift in Sources */,
				B559AA722D15C603007A9F9F /* IRFFMpeg.m in Sources */,
				B5E94EDC2D0B21F800149265 /* IRAudioManager.swift in Sources */,
				B5E94EDD2D0B21F800149265 /* IRePTZShiftController.swift in Sources */,
				B5E94EDE2D0B21F800149265 /* IRGLProgramFactory.swift in Sources */,
				B5E94EE12D0B21F800149265 /* IRGLProgram3DFisheye4PFactory.swift in Sources */,
				B5E94EE22D0B21F800149265 /* IRGLFragmentFish2PerspShaderGLSL.swift in Sources */,
				B5E94EE42D0B21F800149265 /* IRMediaParameter.swift in Sources */,
				B5E94EE52D0B21F800149265 /* IRGLFragmentYUVShaderGLSL.swift in Sources */,
				B5E94EE62D0B21F800149265 /* IRAVPlayer.swift in Sources */,
				B5E94EE82D0B21F800149265 /* IRFFCVYUVVideoFrame.swift in Sources */,
				B5E94EE92D0B21F800149265 /* IRGLProgram3DFisheyeFactory.swift in Sources */,
				B5E94EEA2D0B21F800149265 /* IRGLProgram2DFisheye2PanoFactory.swift in Sources */,
				B5E94EEB2D0B21F800149265 /* IRGLRenderNV12.swift in Sources */,
				B5E94EED2D0B21F800149265 /* IRGLShaderParams.swift in Sources */,
				B5E94EEE2D0B21F800149265 /* IRGLProgramMulti.swift in Sources */,
				B5E94EEF2D0B21F800149265 /* IRBounceController.swift in Sources */,
				B5E94EF02D0B21F800149265 /* IRGLProjectionEquirectangular.swift in Sources */,
				B5E94EF12D0B21F800149265 /* IRGLVertexShaderGLSL.swift in Sources */,
				B5E94EF22D0B21F800149265 /* IRGLScope2D.swift in Sources */,
				B5E94EF32D0B21F800149265 /* IRGLProjectionOrthographic.swift in Sources */,
				B5E94EF52D0B21F800149265 /* IRFFFrame.swift in Sources */,
				B5E94EF62D0B21F800149265 /* IRFFVideoFrame.swift in Sources */,
				B5E94EF72D0B21F800149265 /* IRSensor.swift in Sources */,
				B5E94EFB2D0B21F800149265 /* IRFFAudioDecoder.swift in Sources */,
				B5E94EFC2D0B21F800149265 /* IRGLRenderModeFactory.swift in Sources */,
				B5E94EFE2D0B21F800149265 /* IRGLTransformControllerDistortion.swift in Sources */,
				B5E94F012D0B21F800149265 /* IRFFAudioFrame.swift in Sources */,
				B5E94F042D0B21F800149265 /* IRFFVideoInput.swift in Sources */,
				B5E94F052D0B21F800149265 /* IRGLGestureController.swift in Sources */,
				B5E94F072D0B21F800149265 /* IRFFPacketQueue.swift in Sources */,
				B5E94F082D0B21F800149265 /* IRPlayerNotification.swift in Sources */,
				B5E94F0C2D0B21F800149265 /* IRGLRenderMode3DFisheye.swift in Sources */,
				B5A024E42D0B2F1C00BE80C5 /* IRFFMpegErrorUtil.m in Sources */,
				B5E94F0D2D0B21F800149265 /* IRFFFormatContext.swift in Sources */,
				B5E94F0E2D0B21F800149265 /* IRGLRenderMode2DFisheye2Pano.swift in Sources */,
				B5E94F102D0B21F800149265 /* IRGLProgramVRFactory.swift in Sources */,
				B5E94F112D0B21F800149265 /* IRPlayerImp.swift in Sources */,
				B5E94F122D0B21F800149265 /* IRFisheyeParameter.swift in Sources */,
				B5E94F132D0B21F800149265 /* IRFFTools.swift in Sources */,
				B5E94F142D0B21F800149265 /* IRFFAVYUVVideoFrame.swift in Sources */,
				B5E94F152D0B21F800149265 /* IRFFFramePool.swift in Sources */,
				B5E94F162D0B21F800149265 /* IRFFFrameQueue.swift in Sources */,
				B5E94F172D0B21F800149265 /* IRFFMpegErrorUtil.swift in Sources */,
				B5E94F192D0B21F800149265 /* IRGLRenderModeMulti4P.swift in Sources */,
				B5E94F1A2D0B21F800149265 /* IRPlayerAction.swift in Sources */,
				B5E94F1B2D0B21F800149265 /* IRGLProjection.swift in Sources */,
				B5E94F1C2D0B21F800149265 /* IRGestureController.swift in Sources */,
				B5E94F1D2D0B21F800149265 /* IRGLFragmentFish2PanoShaderGLSL.swift in Sources */,
				B5E94F1E2D0B21F800149265 /* IRPLFView.swift in Sources */,
				B5E94F1F2D0B21F800149265 /* IRGLFish2PerspShaderParams.swift in Sources */,
				B5E94F202D0B21F800149265 /* IRVideoFrameRGB.swift in Sources */,
				B5E94F212D0B21F800149265 /* IRGLVertex3DShaderGLSL.swift in Sources */,
				B5E94F222D0B21F800149265 /* IRFFDecoder.swift in Sources */,
				B5E94F252D0B21F800149265 /* IRFFVideoDecoder.swift in Sources */,
				B5E94F272D0B21F800149265 /* IRGLSupportPixelFormat.swift in Sources */,
				B5E94F282D0B21F800149265 /* IRGLProjectionDistortion.swift in Sources */,
				B5E94F292D0B21F800149265 /* IRGLProgram2D.swift in Sources */,
				B5E94F2A2D0B21F800149265 /* IRGLFish2PanoShaderParams.swift in Sources */,
				B5E94F2B2D0B21F800149265 /* IRGLProgram2DFisheye2Persp.swift in Sources */,
				B5E94F2C2D0B21F800149265 /* IRGLProgram3DFisheye.swift in Sources */,
				B5E94F2E2D0B21F800149265 /* IRGLProgramDistortionFactory.swift in Sources */,
				B5E94F2F2D0B21F800149265 /* IRGLTransformController2D.swift in Sources */,
				B5E94F302D0B21F800149265 /* IRGLRenderYUV.swift in Sources */,
				B5E94F312D0B21F800149265 /* IRFFPlayer.swift in Sources */,
				B5E94F322D0B21F800149265 /* IRGLTransformController3DFisheye.swift in Sources */,
				B5E94F332D0B21F800149265 /* IRGLFragmentNV12ShaderGLSL.swift in Sources */,
				B5E94F342D0B21F800149265 /* IRGLTransformController.swift in Sources */,
				B5E94F352D0B21F800149265 /* IRFFMetadata.swift in Sources */,
				B5E94F362D0B21F800149265 /* IRGLScope3D.swift in Sources */,
				B5E94F372D0B21F800149265 /* IRGLRenderModeDistortion.swift in Sources */,
				B5E94F382D0B21F800149265 /* IRGLView.swift in Sources */,
				B5E94F392D0B21F800149265 /* IRGLProgramVR.swift in Sources */,
				B5E94F3A2D0B21F800149265 /* IRGLRenderRGB.swift in Sources */,
				B5E94F3B2D0B21F800149265 /* IRPLFImage.swift in Sources */,
				B5E94F3C2D0B21F800149265 /* IRFFVideoToolBox.swift in Sources */,
				B5E94F3D2D0B21F800149265 /* IRPlayerTrack.swift in Sources */,
				B5E94F3E2D0B21F800149265 /* IRYUVTools.swift in Sources */,
				B5E94F3F2D0B21F800149265 /* IRGLTransformControllerVR.swift in Sources */,
			);
			runOnlyForDeploymentPostprocessing = 0;
		};
		D1B25EA62804376100F79DCC /* Sources */ = {
			isa = PBXSourcesBuildPhase;
			buildActionMask = 2147483647;
			files = (
				B5E94FEF2D0B268500149265 /* IRPlayer_swiftTests.swift in Sources */,
			);
			runOnlyForDeploymentPostprocessing = 0;
		};
/* End PBXSourcesBuildPhase section */

/* Begin PBXTargetDependency section */
		D1B25EAD2804376100F79DCC /* PBXTargetDependency */ = {
			isa = PBXTargetDependency;
			target = D1B25E9F2804376000F79DCC /* IRPlayer-swift */;
			targetProxy = D1B25EAC2804376100F79DCC /* PBXContainerItemProxy */;
		};
/* End PBXTargetDependency section */

/* Begin XCBuildConfiguration section */
		D1B25EB22804376100F79DCC /* Debug */ = {
			isa = XCBuildConfiguration;
			buildSettings = {
				ALWAYS_SEARCH_USER_PATHS = NO;
				CLANG_ANALYZER_NONNULL = YES;
				CLANG_ANALYZER_NUMBER_OBJECT_CONVERSION = YES_AGGRESSIVE;
				CLANG_CXX_LANGUAGE_STANDARD = "gnu++17";
				CLANG_ENABLE_MODULES = YES;
				CLANG_ENABLE_OBJC_ARC = YES;
				CLANG_ENABLE_OBJC_WEAK = YES;
				CLANG_WARN_BLOCK_CAPTURE_AUTORELEASING = YES;
				CLANG_WARN_BOOL_CONVERSION = YES;
				CLANG_WARN_COMMA = YES;
				CLANG_WARN_CONSTANT_CONVERSION = YES;
				CLANG_WARN_DEPRECATED_OBJC_IMPLEMENTATIONS = YES;
				CLANG_WARN_DIRECT_OBJC_ISA_USAGE = YES_ERROR;
				CLANG_WARN_DOCUMENTATION_COMMENTS = YES;
				CLANG_WARN_EMPTY_BODY = YES;
				CLANG_WARN_ENUM_CONVERSION = YES;
				CLANG_WARN_INFINITE_RECURSION = YES;
				CLANG_WARN_INT_CONVERSION = YES;
				CLANG_WARN_NON_LITERAL_NULL_CONVERSION = YES;
				CLANG_WARN_OBJC_IMPLICIT_RETAIN_SELF = YES;
				CLANG_WARN_OBJC_LITERAL_CONVERSION = YES;
				CLANG_WARN_OBJC_ROOT_CLASS = YES_ERROR;
				CLANG_WARN_QUOTED_INCLUDE_IN_FRAMEWORK_HEADER = YES;
				CLANG_WARN_RANGE_LOOP_ANALYSIS = YES;
				CLANG_WARN_STRICT_PROTOTYPES = YES;
				CLANG_WARN_SUSPICIOUS_MOVE = YES;
				CLANG_WARN_UNGUARDED_AVAILABILITY = YES_AGGRESSIVE;
				CLANG_WARN_UNREACHABLE_CODE = YES;
				CLANG_WARN__DUPLICATE_METHOD_MATCH = YES;
				COPY_PHASE_STRIP = NO;
				CURRENT_PROJECT_VERSION = 1;
				DEBUG_INFORMATION_FORMAT = dwarf;
				ENABLE_STRICT_OBJC_MSGSEND = YES;
				ENABLE_TESTABILITY = YES;
				GCC_C_LANGUAGE_STANDARD = gnu11;
				GCC_DYNAMIC_NO_PIC = NO;
				GCC_NO_COMMON_BLOCKS = YES;
				GCC_OPTIMIZATION_LEVEL = 0;
				GCC_PREPROCESSOR_DEFINITIONS = (
					"DEBUG=1",
					"$(inherited)",
				);
				GCC_WARN_64_TO_32_BIT_CONVERSION = YES;
				GCC_WARN_ABOUT_RETURN_TYPE = YES_ERROR;
				GCC_WARN_UNDECLARED_SELECTOR = YES;
				GCC_WARN_UNINITIALIZED_AUTOS = YES_AGGRESSIVE;
				GCC_WARN_UNUSED_FUNCTION = YES;
				GCC_WARN_UNUSED_VARIABLE = YES;
				IPHONEOS_DEPLOYMENT_TARGET = 15.4;
				MTL_ENABLE_DEBUG_INFO = INCLUDE_SOURCE;
				MTL_FAST_MATH = YES;
				ONLY_ACTIVE_ARCH = YES;
				SDKROOT = iphoneos;
				SWIFT_ACTIVE_COMPILATION_CONDITIONS = DEBUG;
				SWIFT_OPTIMIZATION_LEVEL = "-Onone";
				VERSIONING_SYSTEM = "apple-generic";
				VERSION_INFO_PREFIX = "";
			};
			name = Debug;
		};
		D1B25EB32804376100F79DCC /* Release */ = {
			isa = XCBuildConfiguration;
			buildSettings = {
				ALWAYS_SEARCH_USER_PATHS = NO;
				CLANG_ANALYZER_NONNULL = YES;
				CLANG_ANALYZER_NUMBER_OBJECT_CONVERSION = YES_AGGRESSIVE;
				CLANG_CXX_LANGUAGE_STANDARD = "gnu++17";
				CLANG_ENABLE_MODULES = YES;
				CLANG_ENABLE_OBJC_ARC = YES;
				CLANG_ENABLE_OBJC_WEAK = YES;
				CLANG_WARN_BLOCK_CAPTURE_AUTORELEASING = YES;
				CLANG_WARN_BOOL_CONVERSION = YES;
				CLANG_WARN_COMMA = YES;
				CLANG_WARN_CONSTANT_CONVERSION = YES;
				CLANG_WARN_DEPRECATED_OBJC_IMPLEMENTATIONS = YES;
				CLANG_WARN_DIRECT_OBJC_ISA_USAGE = YES_ERROR;
				CLANG_WARN_DOCUMENTATION_COMMENTS = YES;
				CLANG_WARN_EMPTY_BODY = YES;
				CLANG_WARN_ENUM_CONVERSION = YES;
				CLANG_WARN_INFINITE_RECURSION = YES;
				CLANG_WARN_INT_CONVERSION = YES;
				CLANG_WARN_NON_LITERAL_NULL_CONVERSION = YES;
				CLANG_WARN_OBJC_IMPLICIT_RETAIN_SELF = YES;
				CLANG_WARN_OBJC_LITERAL_CONVERSION = YES;
				CLANG_WARN_OBJC_ROOT_CLASS = YES_ERROR;
				CLANG_WARN_QUOTED_INCLUDE_IN_FRAMEWORK_HEADER = YES;
				CLANG_WARN_RANGE_LOOP_ANALYSIS = YES;
				CLANG_WARN_STRICT_PROTOTYPES = YES;
				CLANG_WARN_SUSPICIOUS_MOVE = YES;
				CLANG_WARN_UNGUARDED_AVAILABILITY = YES_AGGRESSIVE;
				CLANG_WARN_UNREACHABLE_CODE = YES;
				CLANG_WARN__DUPLICATE_METHOD_MATCH = YES;
				COPY_PHASE_STRIP = NO;
				CURRENT_PROJECT_VERSION = 1;
				DEBUG_INFORMATION_FORMAT = "dwarf-with-dsym";
				ENABLE_NS_ASSERTIONS = NO;
				ENABLE_STRICT_OBJC_MSGSEND = YES;
				GCC_C_LANGUAGE_STANDARD = gnu11;
				GCC_NO_COMMON_BLOCKS = YES;
				GCC_WARN_64_TO_32_BIT_CONVERSION = YES;
				GCC_WARN_ABOUT_RETURN_TYPE = YES_ERROR;
				GCC_WARN_UNDECLARED_SELECTOR = YES;
				GCC_WARN_UNINITIALIZED_AUTOS = YES_AGGRESSIVE;
				GCC_WARN_UNUSED_FUNCTION = YES;
				GCC_WARN_UNUSED_VARIABLE = YES;
				IPHONEOS_DEPLOYMENT_TARGET = 15.4;
				MTL_ENABLE_DEBUG_INFO = NO;
				MTL_FAST_MATH = YES;
				SDKROOT = iphoneos;
				SWIFT_COMPILATION_MODE = wholemodule;
				SWIFT_OPTIMIZATION_LEVEL = "-O";
				VALIDATE_PRODUCT = YES;
				VERSIONING_SYSTEM = "apple-generic";
				VERSION_INFO_PREFIX = "";
			};
			name = Release;
		};
		D1B25EB52804376100F79DCC /* Debug */ = {
			isa = XCBuildConfiguration;
			buildSettings = {
				CLANG_ALLOW_NON_MODULAR_INCLUDES_IN_FRAMEWORK_MODULES = NO;
				CLANG_CXX_LANGUAGE_STANDARD = "gnu++14";
				CLANG_CXX_LIBRARY = "libc++";
				CODE_SIGN_STYLE = Automatic;
				CURRENT_PROJECT_VERSION = 1;
				DEFINES_MODULE = YES;
				DYLIB_COMPATIBILITY_VERSION = 1;
				DYLIB_CURRENT_VERSION = 1;
				DYLIB_INSTALL_NAME_BASE = "@rpath";
				GCC_PREPROCESSOR_DEFINITIONS = (
					IRPLATFORM_TARGET_OS_IPHONE_OR_TV,
					IRPLATFORM_TARGET_OS_MAC_OR_IPHONE,
				);
				GENERATE_INFOPLIST_FILE = YES;
				HEADER_SEARCH_PATHS = "$(PROJECT_DIR)/Sources/IRPlayer-swift/ThirdParty/ffmpeg/include";
				INFOPLIST_KEY_NSHumanReadableCopyright = "";
				INSTALL_PATH = "$(LOCAL_LIBRARY_DIR)/Frameworks";
				IPHONEOS_DEPLOYMENT_TARGET = 15.6;
				LD_RUNPATH_SEARCH_PATHS = (
					"$(inherited)",
					"@executable_path/Frameworks",
					"@loader_path/Frameworks",
				);
				LIBRARY_SEARCH_PATHS = (
					"$(inherited)",
					"$(PROJECT_DIR)/Sources/IRPlayer-swift/ThirdParty/ffmpeg/lib",
				);
				MARKETING_VERSION = 1.0;
				MODULEMAP_FILE = "Sources/IRPlayer-swift/include/public.modulemap";
				MODULEMAP_PRIVATE_FILE = "Sources/IRPlayer-swift/private_include/private.modulemap";
				ONLY_ACTIVE_ARCH = YES;
				OTHER_LDFLAGS = "-Objc";
				OTHER_SWIFT_FLAGS = "-Xcc -Wno-error=non-modular-include-in-framework-module";
				PRODUCT_BUNDLE_IDENTIFIER = "com.phil.IRPlayer-swift";
				PRODUCT_NAME = "$(TARGET_NAME:c99extidentifier)";
				SKIP_INSTALL = YES;
				SWIFT_ACTIVE_COMPILATION_CONDITIONS = "IRPLATFORM_TARGET_OS_IPHONE_OR_TV IRPLATFORM_TARGET_OS_MAC_OR_IPHONE DEBUG";
				SWIFT_EMIT_LOC_STRINGS = YES;
				SWIFT_INCLUDE_PATHS = "";
				SWIFT_OBJC_BRIDGING_HEADER = "";
				SWIFT_VERSION = 5.0;
				TARGETED_DEVICE_FAMILY = "1,2";
				USER_HEADER_SEARCH_PATHS = "";
				VALID_ARCHS = "arm64 arm64e i386 x86_64";
			};
			name = Debug;
		};
		D1B25EB62804376100F79DCC /* Release */ = {
			isa = XCBuildConfiguration;
			buildSettings = {
				CLANG_ALLOW_NON_MODULAR_INCLUDES_IN_FRAMEWORK_MODULES = NO;
				CLANG_CXX_LANGUAGE_STANDARD = "gnu++14";
				CLANG_CXX_LIBRARY = "libc++";
				CODE_SIGN_STYLE = Automatic;
				CURRENT_PROJECT_VERSION = 1;
				DEFINES_MODULE = YES;
				DYLIB_COMPATIBILITY_VERSION = 1;
				DYLIB_CURRENT_VERSION = 1;
				DYLIB_INSTALL_NAME_BASE = "@rpath";
				GCC_PREPROCESSOR_DEFINITIONS = (
					IRPLATFORM_TARGET_OS_IPHONE_OR_TV,
					IRPLATFORM_TARGET_OS_MAC_OR_IPHONE,
				);
				GENERATE_INFOPLIST_FILE = YES;
				HEADER_SEARCH_PATHS = "$(PROJECT_DIR)/Sources/IRPlayer-swift/ThirdParty/ffmpeg/include";
				INFOPLIST_KEY_NSHumanReadableCopyright = "";
				INSTALL_PATH = "$(LOCAL_LIBRARY_DIR)/Frameworks";
				IPHONEOS_DEPLOYMENT_TARGET = 15.6;
				LD_RUNPATH_SEARCH_PATHS = (
					"$(inherited)",
					"@executable_path/Frameworks",
					"@loader_path/Frameworks",
				);
				LIBRARY_SEARCH_PATHS = (
					"$(inherited)",
					"$(PROJECT_DIR)/Sources/IRPlayer-swift/ThirdParty/ffmpeg/lib",
				);
				MARKETING_VERSION = 1.0;
				MODULEMAP_FILE = "Sources/IRPlayer-swift/include/public.modulemap";
				MODULEMAP_PRIVATE_FILE = "Sources/IRPlayer-swift/private_include/private.modulemap";
				ONLY_ACTIVE_ARCH = NO;
				OTHER_LDFLAGS = "-Objc";
				OTHER_SWIFT_FLAGS = "-Xcc -Wno-error=non-modular-include-in-framework-module";
				PRODUCT_BUNDLE_IDENTIFIER = "com.phil.IRPlayer-swift";
				PRODUCT_NAME = "$(TARGET_NAME:c99extidentifier)";
				SKIP_INSTALL = YES;
				SWIFT_ACTIVE_COMPILATION_CONDITIONS = "IRPLATFORM_TARGET_OS_IPHONE_OR_TV IRPLATFORM_TARGET_OS_MAC_OR_IPHONE";
				SWIFT_EMIT_LOC_STRINGS = YES;
				SWIFT_INCLUDE_PATHS = "";
				SWIFT_OBJC_BRIDGING_HEADER = "";
				SWIFT_VERSION = 5.0;
				TARGETED_DEVICE_FAMILY = "1,2";
				USER_HEADER_SEARCH_PATHS = "";
				VALID_ARCHS = "arm64 arm64e i386 x86_64";
			};
			name = Release;
		};
		D1B25EB82804376100F79DCC /* Debug */ = {
			isa = XCBuildConfiguration;
			buildSettings = {
				CODE_SIGN_STYLE = Automatic;
				CURRENT_PROJECT_VERSION = 1;
				GENERATE_INFOPLIST_FILE = YES;
				IPHONEOS_DEPLOYMENT_TARGET = 15.6;
				MARKETING_VERSION = 1.0;
				PRODUCT_BUNDLE_IDENTIFIER = "com.phil.IRPlayer-swiftTests";
				PRODUCT_NAME = "$(TARGET_NAME)";
				SWIFT_EMIT_LOC_STRINGS = NO;
				SWIFT_VERSION = 5.0;
				TARGETED_DEVICE_FAMILY = "1,2";
			};
			name = Debug;
		};
		D1B25EB92804376100F79DCC /* Release */ = {
			isa = XCBuildConfiguration;
			buildSettings = {
				CODE_SIGN_STYLE = Automatic;
				CURRENT_PROJECT_VERSION = 1;
				GENERATE_INFOPLIST_FILE = YES;
				IPHONEOS_DEPLOYMENT_TARGET = 15.6;
				MARKETING_VERSION = 1.0;
				PRODUCT_BUNDLE_IDENTIFIER = "com.phil.IRPlayer-swiftTests";
				PRODUCT_NAME = "$(TARGET_NAME)";
				SWIFT_EMIT_LOC_STRINGS = NO;
				SWIFT_VERSION = 5.0;
				TARGETED_DEVICE_FAMILY = "1,2";
			};
			name = Release;
		};
/* End XCBuildConfiguration section */

/* Begin XCConfigurationList section */
		D1B25E9A2804376000F79DCC /* Build configuration list for PBXProject "IRPlayer-swift" */ = {
			isa = XCConfigurationList;
			buildConfigurations = (
				D1B25EB22804376100F79DCC /* Debug */,
				D1B25EB32804376100F79DCC /* Release */,
			);
			defaultConfigurationIsVisible = 0;
			defaultConfigurationName = Release;
		};
		D1B25EB42804376100F79DCC /* Build configuration list for PBXNativeTarget "IRPlayer-swift" */ = {
			isa = XCConfigurationList;
			buildConfigurations = (
				D1B25EB52804376100F79DCC /* Debug */,
				D1B25EB62804376100F79DCC /* Release */,
			);
			defaultConfigurationIsVisible = 0;
			defaultConfigurationName = Release;
		};
		D1B25EB72804376100F79DCC /* Build configuration list for PBXNativeTarget "IRPlayer-swiftTests" */ = {
			isa = XCConfigurationList;
			buildConfigurations = (
				D1B25EB82804376100F79DCC /* Debug */,
				D1B25EB92804376100F79DCC /* Release */,
			);
			defaultConfigurationIsVisible = 0;
			defaultConfigurationName = Release;
		};
/* End XCConfigurationList section */
	};
	rootObject = D1B25E972804376000F79DCC /* Project object */;
}
