// !$*UTF8*$!
{
	archiveVersion = 1;
	classes = {
	};
	objectVersion = 55;
	objects = {

/* Begin PBXBuildFile section */
		D1216B7828340C5800804337 /* fisheye-demo.mp4 in Resources */ = {isa = PBXBuildFile; fileRef = D1A2E74B2812B04C004296EA /* fisheye-demo.mp4 */; };
		D1216B7928340C5800804337 /* google-help-vr.mp4 in Resources */ = {isa = PBXBuildFile; fileRef = D1A2E7492812B04C004296EA /* google-help-vr.mp4 */; };
		D1216B7A28340C5800804337 /* i-see-fire.mp4 in Resources */ = {isa = PBXBuildFile; fileRef = D1A2E74A2812B04C004296EA /* i-see-fire.mp4 */; };
		D16BA179288EF7B100920A7B /* PlayerViewController.swift in Sources */ = {isa = PBXBuildFile; fileRef = D16BA176288EF7B100920A7B /* PlayerViewController.swift */; };
		D1A2E7482812B044004296EA /* PlayerViewController.xib in Resources */ = {isa = PBXBuildFile; fileRef = D1A2E7452812B044004296EA /* PlayerViewController.xib */; };
		D1A2E74F2812B84C004296EA /* IRPlayer_swift.framework in Frameworks */ = {isa = PBXBuildFile; fileRef = D1B25EE0280437F600F79DCC /* IRPlayer_swift.framework */; };
		D1A2E7502812B84C004296EA /* IRPlayer_swift.framework in Embed Frameworks */ = {isa = PBXBuildFile; fileRef = D1B25EE0280437F600F79DCC /* IRPlayer_swift.framework */; settings = {ATTRIBUTES = (CodeSignOnCopy, RemoveHeadersOnCopy, ); }; };
		D1B25EC7280437DF00F79DCC /* AppDelegate.swift in Sources */ = {isa = PBXBuildFile; fileRef = D1B25EC6280437DF00F79DCC /* AppDelegate.swift */; };
		D1B25EC9280437DF00F79DCC /* SceneDelegate.swift in Sources */ = {isa = PBXBuildFile; fileRef = D1B25EC8280437DF00F79DCC /* SceneDelegate.swift */; };
		D1B25ECB280437DF00F79DCC /* ViewController.swift in Sources */ = {isa = PBXBuildFile; fileRef = D1B25ECA280437DF00F79DCC /* ViewController.swift */; };
		D1B25ECE280437DF00F79DCC /* Main.storyboard in Resources */ = {isa = PBXBuildFile; fileRef = D1B25ECC280437DF00F79DCC /* Main.storyboard */; };
		D1B25ED0280437E000F79DCC /* Assets.xcassets in Resources */ = {isa = PBXBuildFile; fileRef = D1B25ECF280437E000F79DCC /* Assets.xcassets */; };
		D1B25ED3280437E000F79DCC /* LaunchScreen.storyboard in Resources */ = {isa = PBXBuildFile; fileRef = D1B25ED1280437E000F79DCC /* LaunchScreen.storyboard */; };
/* End PBXBuildFile section */

/* Begin PBXContainerItemProxy section */
		D1B25EDF280437F600F79DCC /* PBXContainerItemProxy */ = {
			isa = PBXContainerItemProxy;
			containerPortal = D1B25EDA280437F600F79DCC /* IRPlayer-swift.xcodeproj */;
			proxyType = 2;
			remoteGlobalIDString = D1B25EA02804376000F79DCC;
			remoteInfo = "IRPlayer-swift";
		};
		D1B25EE1280437F600F79DCC /* PBXContainerItemProxy */ = {
			isa = PBXContainerItemProxy;
			containerPortal = D1B25EDA280437F600F79DCC /* IRPlayer-swift.xcodeproj */;
			proxyType = 2;
			remoteGlobalIDString = D1B25EAA2804376100F79DCC;
			remoteInfo = "IRPlayer-swiftTests";
		};
/* End PBXContainerItemProxy section */

/* Begin PBXCopyFilesBuildPhase section */
		D1A2E7512812B84C004296EA /* Embed Frameworks */ = {
			isa = PBXCopyFilesBuildPhase;
			buildActionMask = 2147483647;
			dstPath = "";
			dstSubfolderSpec = 10;
			files = (
				D1A2E7502812B84C004296EA /* IRPlayer_swift.framework in Embed Frameworks */,
			);
			name = "Embed Frameworks";
			runOnlyForDeploymentPostprocessing = 0;
		};
/* End PBXCopyFilesBuildPhase section */

/* Begin PBXFileReference section */
		D16BA176288EF7B100920A7B /* PlayerViewController.swift */ = {isa = PBXFileReference; fileEncoding = 4; lastKnownFileType = sourcecode.swift; path = PlayerViewController.swift; sourceTree = "<group>"; };
		D1A2E7452812B044004296EA /* PlayerViewController.xib */ = {isa = PBXFileReference; fileEncoding = 4; lastKnownFileType = file.xib; path = PlayerViewController.xib; sourceTree = "<group>"; };
		D1A2E7492812B04C004296EA /* google-help-vr.mp4 */ = {isa = PBXFileReference; lastKnownFileType = file; path = "google-help-vr.mp4"; sourceTree = "<group>"; };
		D1A2E74A2812B04C004296EA /* i-see-fire.mp4 */ = {isa = PBXFileReference; lastKnownFileType = file; path = "i-see-fire.mp4"; sourceTree = "<group>"; };
		D1A2E74B2812B04C004296EA /* fisheye-demo.mp4 */ = {isa = PBXFileReference; lastKnownFileType = file; path = "fisheye-demo.mp4"; sourceTree = "<group>"; };
		D1A2E7582812C048004296EA /* demo-Bridging-Header.h */ = {isa = PBXFileReference; lastKnownFileType = sourcecode.c.h; path = "demo-Bridging-Header.h"; sourceTree = "<group>"; };
		D1B25EC3280437DF00F79DCC /* demo.app */ = {isa = PBXFileReference; explicitFileType = wrapper.application; includeInIndex = 0; path = demo.app; sourceTree = BUILT_PRODUCTS_DIR; };
		D1B25EC6280437DF00F79DCC /* AppDelegate.swift */ = {isa = PBXFileReference; lastKnownFileType = sourcecode.swift; path = AppDelegate.swift; sourceTree = "<group>"; };
		D1B25EC8280437DF00F79DCC /* SceneDelegate.swift */ = {isa = PBXFileReference; lastKnownFileType = sourcecode.swift; path = SceneDelegate.swift; sourceTree = "<group>"; };
		D1B25ECA280437DF00F79DCC /* ViewController.swift */ = {isa = PBXFileReference; lastKnownFileType = sourcecode.swift; path = ViewController.swift; sourceTree = "<group>"; };
		D1B25ECD280437DF00F79DCC /* Base */ = {isa = PBXFileReference; lastKnownFileType = file.storyboard; name = Base; path = Base.lproj/Main.storyboard; sourceTree = "<group>"; };
		D1B25ECF280437E000F79DCC /* Assets.xcassets */ = {isa = PBXFileReference; lastKnownFileType = folder.assetcatalog; path = Assets.xcassets; sourceTree = "<group>"; };
		D1B25ED2280437E000F79DCC /* Base */ = {isa = PBXFileReference; lastKnownFileType = file.storyboard; name = Base; path = Base.lproj/LaunchScreen.storyboard; sourceTree = "<group>"; };
		D1B25ED4280437E000F79DCC /* Info.plist */ = {isa = PBXFileReference; lastKnownFileType = text.plist.xml; path = Info.plist; sourceTree = "<group>"; };
		D1B25EDA280437F600F79DCC /* IRPlayer-swift.xcodeproj */ = {isa = PBXFileReference; lastKnownFileType = "wrapper.pb-project"; name = "IRPlayer-swift.xcodeproj"; path = "../IRPlayer-swift.xcodeproj"; sourceTree = "<group>"; };
/* End PBXFileReference section */

/* Begin PBXFrameworksBuildPhase section */
		D1B25EC0280437DF00F79DCC /* Frameworks */ = {
			isa = PBXFrameworksBuildPhase;
			buildActionMask = 2147483647;
			files = (
				D1A2E74F2812B84C004296EA /* IRPlayer_swift.framework in Frameworks */,
			);
			runOnlyForDeploymentPostprocessing = 0;
		};
/* End PBXFrameworksBuildPhase section */

/* Begin PBXGroup section */
		D1A2E74E2812B84C004296EA /* Frameworks */ = {
			isa = PBXGroup;
			children = (
			);
			name = Frameworks;
			sourceTree = "<group>";
		};
		D1B25EBA280437DE00F79DCC = {
			isa = PBXGroup;
			children = (
				D1B25EDA280437F600F79DCC /* IRPlayer-swift.xcodeproj */,
				D1B25EC5280437DF00F79DCC /* demo */,
				D1B25EC4280437DF00F79DCC /* Products */,
				D1A2E74E2812B84C004296EA /* Frameworks */,
			);
			sourceTree = "<group>";
		};
		D1B25EC4280437DF00F79DCC /* Products */ = {
			isa = PBXGroup;
			children = (
				D1B25EC3280437DF00F79DCC /* demo.app */,
			);
			name = Products;
			sourceTree = "<group>";
		};
		D1B25EC5280437DF00F79DCC /* demo */ = {
			isa = PBXGroup;
			children = (
				D1A2E74B2812B04C004296EA /* fisheye-demo.mp4 */,
				D1A2E7492812B04C004296EA /* google-help-vr.mp4 */,
				D1A2E74A2812B04C004296EA /* i-see-fire.mp4 */,
				D1B25EC6280437DF00F79DCC /* AppDelegate.swift */,
				D1B25EC8280437DF00F79DCC /* SceneDelegate.swift */,
				D1B25ECA280437DF00F79DCC /* ViewController.swift */,
				D16BA176288EF7B100920A7B /* PlayerViewController.swift */,
				D1A2E7452812B044004296EA /* PlayerViewController.xib */,
				D1B25ECC280437DF00F79DCC /* Main.storyboard */,
				D1B25ECF280437E000F79DCC /* Assets.xcassets */,
				D1B25ED1280437E000F79DCC /* LaunchScreen.storyboard */,
				D1B25ED4280437E000F79DCC /* Info.plist */,
				D1A2E7582812C048004296EA /* demo-Bridging-Header.h */,
			);
			path = demo;
			sourceTree = "<group>";
		};
		D1B25EDB280437F600F79DCC /* Products */ = {
			isa = PBXGroup;
			children = (
				D1B25EE0280437F600F79DCC /* IRPlayer_swift.framework */,
				D1B25EE2280437F600F79DCC /* IRPlayer-swiftTests.xctest */,
			);
			name = Products;
			sourceTree = "<group>";
		};
/* End PBXGroup section */

/* Begin PBXNativeTarget section */
		D1B25EC2280437DF00F79DCC /* demo */ = {
			isa = PBXNativeTarget;
			buildConfigurationList = D1B25ED7280437E000F79DCC /* Build configuration list for PBXNativeTarget "demo" */;
			buildPhases = (
				D1B25EBF280437DF00F79DCC /* Sources */,
				D1B25EC0280437DF00F79DCC /* Frameworks */,
				D1B25EC1280437DF00F79DCC /* Resources */,
				D1A2E7512812B84C004296EA /* Embed Frameworks */,
			);
			buildRules = (
			);
			dependencies = (
			);
			name = demo;
			productName = demo;
			productReference = D1B25EC3280437DF00F79DCC /* demo.app */;
			productType = "com.apple.product-type.application";
		};
/* End PBXNativeTarget section */

/* Begin PBXProject section */
		D1B25EBB280437DE00F79DCC /* Project object */ = {
			isa = PBXProject;
			attributes = {
				BuildIndependentTargetsInParallel = 1;
				LastSwiftUpdateCheck = 1330;
				LastUpgradeCheck = 1330;
				TargetAttributes = {
					D1B25EC2280437DF00F79DCC = {
						CreatedOnToolsVersion = 13.3;
						LastSwiftMigration = 1330;
					};
				};
			};
			buildConfigurationList = D1B25EBE280437DE00F79DCC /* Build configuration list for PBXProject "demo" */;
			compatibilityVersion = "Xcode 13.0";
			developmentRegion = en;
			hasScannedForEncodings = 0;
			knownRegions = (
				en,
				Base,
			);
			mainGroup = D1B25EBA280437DE00F79DCC;
			productRefGroup = D1B25EC4280437DF00F79DCC /* Products */;
			projectDirPath = "";
			projectReferences = (
				{
					ProductGroup = D1B25EDB280437F600F79DCC /* Products */;
					ProjectRef = D1B25EDA280437F600F79DCC /* IRPlayer-swift.xcodeproj */;
				},
			);
			projectRoot = "";
			targets = (
				D1B25EC2280437DF00F79DCC /* demo */,
			);
		};
/* End PBXProject section */

/* Begin PBXReferenceProxy section */
		D1B25EE0280437F600F79DCC /* IRPlayer_swift.framework */ = {
			isa = PBXReferenceProxy;
			fileType = wrapper.framework;
			path = IRPlayer_swift.framework;
			remoteRef = D1B25EDF280437F600F79DCC /* PBXContainerItemProxy */;
			sourceTree = BUILT_PRODUCTS_DIR;
		};
		D1B25EE2280437F600F79DCC /* IRPlayer-swiftTests.xctest */ = {
			isa = PBXReferenceProxy;
			fileType = wrapper.cfbundle;
			path = "IRPlayer-swiftTests.xctest";
			remoteRef = D1B25EE1280437F600F79DCC /* PBXContainerItemProxy */;
			sourceTree = BUILT_PRODUCTS_DIR;
		};
/* End PBXReferenceProxy section */

/* Begin PBXResourcesBuildPhase section */
		D1B25EC1280437DF00F79DCC /* Resources */ = {
			isa = PBXResourcesBuildPhase;
			buildActionMask = 2147483647;
			files = (
				D1216B7828340C5800804337 /* fisheye-demo.mp4 in Resources */,
				D1216B7928340C5800804337 /* google-help-vr.mp4 in Resources */,
				D1216B7A28340C5800804337 /* i-see-fire.mp4 in Resources */,
				D1B25ED3280437E000F79DCC /* LaunchScreen.storyboard in Resources */,
				D1A2E7482812B044004296EA /* PlayerViewController.xib in Resources */,
				D1B25ED0280437E000F79DCC /* Assets.xcassets in Resources */,
				D1B25ECE280437DF00F79DCC /* Main.storyboard in Resources */,
			);
			runOnlyForDeploymentPostprocessing = 0;
		};
/* End PBXResourcesBuildPhase section */

/* Begin PBXSourcesBuildPhase section */
		D1B25EBF280437DF00F79DCC /* Sources */ = {
			isa = PBXSourcesBuildPhase;
			buildActionMask = 2147483647;
			files = (
				D1B25ECB280437DF00F79DCC /* ViewController.swift in Sources */,
				D1B25EC7280437DF00F79DCC /* AppDelegate.swift in Sources */,
				D1B25EC9280437DF00F79DCC /* SceneDelegate.swift in Sources */,
				D16BA179288EF7B100920A7B /* PlayerViewController.swift in Sources */,
			);
			runOnlyForDeploymentPostprocessing = 0;
		};
/* End PBXSourcesBuildPhase section */

/* Begin PBXVariantGroup section */
		D1B25ECC280437DF00F79DCC /* Main.storyboard */ = {
			isa = PBXVariantGroup;
			children = (
				D1B25ECD280437DF00F79DCC /* Base */,
			);
			name = Main.storyboard;
			sourceTree = "<group>";
		};
		D1B25ED1280437E000F79DCC /* LaunchScreen.storyboard */ = {
			isa = PBXVariantGroup;
			children = (
				D1B25ED2280437E000F79DCC /* Base */,
			);
			name = LaunchScreen.storyboard;
			sourceTree = "<group>";
		};
/* End PBXVariantGroup section */

/* Begin XCBuildConfiguration section */
		D1B25ED5280437E000F79DCC /* Debug */ = {
			isa = XCBuildConfiguration;
			buildSettings = {
				ALWAYS_SEARCH_USER_PATHS = NO;
				CLANG_ANALYZER_NONNULL = YES;
				CLANG_ANALYZER_NUMBER_OBJECT_CONVERSION = YES_AGGRESSIVE;
				CLANG_CXX_LANGUAGE_STANDARD = "gnu++17";
				CLANG_ENABLE_MODULES = YES;
				CLANG_ENABLE_OBJC_ARC = YES;
				CLANG_ENABLE_OBJC_WEAK = YES;
				CLANG_WARN_BLOCK_CAPTURE_AUTORELEASING = YES;
				CLANG_WARN_BOOL_CONVERSION = YES;
				CLANG_WARN_COMMA = YES;
				CLANG_WARN_CONSTANT_CONVERSION = YES;
				CLANG_WARN_DEPRECATED_OBJC_IMPLEMENTATIONS = YES;
				CLANG_WARN_DIRECT_OBJC_ISA_USAGE = YES_ERROR;
				CLANG_WARN_DOCUMENTATION_COMMENTS = YES;
				CLANG_WARN_EMPTY_BODY = YES;
				CLANG_WARN_ENUM_CONVERSION = YES;
				CLANG_WARN_INFINITE_RECURSION = YES;
				CLANG_WARN_INT_CONVERSION = YES;
				CLANG_WARN_NON_LITERAL_NULL_CONVERSION = YES;
				CLANG_WARN_OBJC_IMPLICIT_RETAIN_SELF = YES;
				CLANG_WARN_OBJC_LITERAL_CONVERSION = YES;
				CLANG_WARN_OBJC_ROOT_CLASS = YES_ERROR;
				CLANG_WARN_QUOTED_INCLUDE_IN_FRAMEWORK_HEADER = YES;
				CLANG_WARN_RANGE_LOOP_ANALYSIS = YES;
				CLANG_WARN_STRICT_PROTOTYPES = YES;
				CLANG_WARN_SUSPICIOUS_MOVE = YES;
				CLANG_WARN_UNGUARDED_AVAILABILITY = YES_AGGRESSIVE;
				CLANG_WARN_UNREACHABLE_CODE = YES;
				CLANG_WARN__DUPLICATE_METHOD_MATCH = YES;
				COPY_PHASE_STRIP = NO;
				DEBUG_INFORMATION_FORMAT = dwarf;
				ENABLE_STRICT_OBJC_MSGSEND = YES;
				ENABLE_TESTABILITY = YES;
				GCC_C_LANGUAGE_STANDARD = gnu11;
				GCC_DYNAMIC_NO_PIC = NO;
				GCC_NO_COMMON_BLOCKS = YES;
				GCC_OPTIMIZATION_LEVEL = 0;
				GCC_PREPROCESSOR_DEFINITIONS = (
					"DEBUG=1",
					"$(inherited)",
				);
				GCC_WARN_64_TO_32_BIT_CONVERSION = YES;
				GCC_WARN_ABOUT_RETURN_TYPE = YES_ERROR;
				GCC_WARN_UNDECLARED_SELECTOR = YES;
				GCC_WARN_UNINITIALIZED_AUTOS = YES_AGGRESSIVE;
				GCC_WARN_UNUSED_FUNCTION = YES;
				GCC_WARN_UNUSED_VARIABLE = YES;
				IPHONEOS_DEPLOYMENT_TARGET = 15.4;
				MTL_ENABLE_DEBUG_INFO = INCLUDE_SOURCE;
				MTL_FAST_MATH = YES;
				ONLY_ACTIVE_ARCH = YES;
				SDKROOT = iphoneos;
				SWIFT_ACTIVE_COMPILATION_CONDITIONS = DEBUG;
				SWIFT_OPTIMIZATION_LEVEL = "-Onone";
			};
			name = Debug;
		};
		D1B25ED6280437E000F79DCC /* Release */ = {
			isa = XCBuildConfiguration;
			buildSettings = {
				ALWAYS_SEARCH_USER_PATHS = NO;
				CLANG_ANALYZER_NONNULL = YES;
				CLANG_ANALYZER_NUMBER_OBJECT_CONVERSION = YES_AGGRESSIVE;
				CLANG_CXX_LANGUAGE_STANDARD = "gnu++17";
				CLANG_ENABLE_MODULES = YES;
				CLANG_ENABLE_OBJC_ARC = YES;
				CLANG_ENABLE_OBJC_WEAK = YES;
				CLANG_WARN_BLOCK_CAPTURE_AUTORELEASING = YES;
				CLANG_WARN_BOOL_CONVERSION = YES;
				CLANG_WARN_COMMA = YES;
				CLANG_WARN_CONSTANT_CONVERSION = YES;
				CLANG_WARN_DEPRECATED_OBJC_IMPLEMENTATIONS = YES;
				CLANG_WARN_DIRECT_OBJC_ISA_USAGE = YES_ERROR;
				CLANG_WARN_DOCUMENTATION_COMMENTS = YES;
				CLANG_WARN_EMPTY_BODY = YES;
				CLANG_WARN_ENUM_CONVERSION = YES;
				CLANG_WARN_INFINITE_RECURSION = YES;
				CLANG_WARN_INT_CONVERSION = YES;
				CLANG_WARN_NON_LITERAL_NULL_CONVERSION = YES;
				CLANG_WARN_OBJC_IMPLICIT_RETAIN_SELF = YES;
				CLANG_WARN_OBJC_LITERAL_CONVERSION = YES;
				CLANG_WARN_OBJC_ROOT_CLASS = YES_ERROR;
				CLANG_WARN_QUOTED_INCLUDE_IN_FRAMEWORK_HEADER = YES;
				CLANG_WARN_RANGE_LOOP_ANALYSIS = YES;
				CLANG_WARN_STRICT_PROTOTYPES = YES;
				CLANG_WARN_SUSPICIOUS_MOVE = YES;
				CLANG_WARN_UNGUARDED_AVAILABILITY = YES_AGGRESSIVE;
				CLANG_WARN_UNREACHABLE_CODE = YES;
				CLANG_WARN__DUPLICATE_METHOD_MATCH = YES;
				COPY_PHASE_STRIP = NO;
				DEBUG_INFORMATION_FORMAT = "dwarf-with-dsym";
				ENABLE_NS_ASSERTIONS = NO;
				ENABLE_STRICT_OBJC_MSGSEND = YES;
				GCC_C_LANGUAGE_STANDARD = gnu11;
				GCC_NO_COMMON_BLOCKS = YES;
				GCC_WARN_64_TO_32_BIT_CONVERSION = YES;
				GCC_WARN_ABOUT_RETURN_TYPE = YES_ERROR;
				GCC_WARN_UNDECLARED_SELECTOR = YES;
				GCC_WARN_UNINITIALIZED_AUTOS = YES_AGGRESSIVE;
				GCC_WARN_UNUSED_FUNCTION = YES;
				GCC_WARN_UNUSED_VARIABLE = YES;
				IPHONEOS_DEPLOYMENT_TARGET = 15.4;
				MTL_ENABLE_DEBUG_INFO = NO;
				MTL_FAST_MATH = YES;
				SDKROOT = iphoneos;
				SWIFT_COMPILATION_MODE = wholemodule;
				SWIFT_OPTIMIZATION_LEVEL = "-O";
				VALIDATE_PRODUCT = YES;
			};
			name = Release;
		};
		D1B25ED8280437E000F79DCC /* Debug */ = {
			isa = XCBuildConfiguration;
			buildSettings = {
				ASSETCATALOG_COMPILER_APPICON_NAME = AppIcon;
				ASSETCATALOG_COMPILER_GLOBAL_ACCENT_COLOR_NAME = AccentColor;
				CLANG_ENABLE_MODULES = YES;
				CODE_SIGN_STYLE = Automatic;
				CURRENT_PROJECT_VERSION = 1;
				DEVELOPMENT_TEAM = T6VV6T753H;
				GCC_PREPROCESSOR_DEFINITIONS = (
					"$(inherited)",
					IRPLATFORM_TARGET_OS_IPHONE_OR_TV,
					IRPLATFORM_TARGET_OS_MAC_OR_IPHONE,
				);
				GENERATE_INFOPLIST_FILE = YES;
				HEADER_SEARCH_PATHS = (
					"$(SRCROOT)/../IRPlayer-swift/ThirdParty/ffmpeg/include",
					"$(SRCROOT)/../IRPlayer-swift/ThirdParty/ffmpeg/include/libavformat",
				);
				INFOPLIST_FILE = demo/Info.plist;
				INFOPLIST_KEY_UIApplicationSupportsIndirectInputEvents = YES;
				INFOPLIST_KEY_UILaunchStoryboardName = LaunchScreen;
				INFOPLIST_KEY_UIMainStoryboardFile = Main;
				INFOPLIST_KEY_UISupportedInterfaceOrientations_iPad = "UIInterfaceOrientationPortrait UIInterfaceOrientationPortraitUpsideDown UIInterfaceOrientationLandscapeLeft UIInterfaceOrientationLandscapeRight";
				INFOPLIST_KEY_UISupportedInterfaceOrientations_iPhone = "UIInterfaceOrientationPortrait UIInterfaceOrientationLandscapeLeft UIInterfaceOrientationLandscapeRight";
				IPHONEOS_DEPLOYMENT_TARGET = 15.6;
				LD_RUNPATH_SEARCH_PATHS = (
					"$(inherited)",
					"@executable_path/Frameworks",
				);
				LIBRARY_SEARCH_PATHS = (
					"$(PROJECT_DIR)/../IRPlayer-swift/ThirdParty/ffmpeg",
					"$(PROJECT_DIR)/../IRPlayer-swift/ThirdParty/ffmpeg/armv7_10.2",
					"$(PROJECT_DIR)/../IRPlayer-swift/ThirdParty/ffmpeg/i386_10.2",
					"$(PROJECT_DIR)/../IRPlayer-swift/ThirdParty/ffmpeg/lib",
				);
				MARKETING_VERSION = 1.0;
				OTHER_SWIFT_FLAGS = "-Xcc -Wno-error=non-modular-include-in-framework-module";
				PRODUCT_BUNDLE_IDENTIFIER = com.phil.demo;
				PRODUCT_NAME = "$(TARGET_NAME)";
				SWIFT_EMIT_LOC_STRINGS = YES;
				SWIFT_OBJC_BRIDGING_HEADER = "demo/demo-Bridging-Header.h";
				SWIFT_OPTIMIZATION_LEVEL = "-Onone";
				SWIFT_VERSION = 5.0;
				TARGETED_DEVICE_FAMILY = "1,2";
				USER_HEADER_SEARCH_PATHS = "$(SRCROOT)/../IRPlayer-swift/ThirdParty/ffmpeg/include";
			};
			name = Debug;
		};
		D1B25ED9280437E000F79DCC /* Release */ = {
			isa = XCBuildConfiguration;
			buildSettings = {
				ASSETCATALOG_COMPILER_APPICON_NAME = AppIcon;
				ASSETCATALOG_COMPILER_GLOBAL_ACCENT_COLOR_NAME = AccentColor;
				CLANG_ENABLE_MODULES = YES;
				CODE_SIGN_STYLE = Automatic;
				CURRENT_PROJECT_VERSION = 1;
				DEVELOPMENT_TEAM = T6VV6T753H;
				GCC_PREPROCESSOR_DEFINITIONS = (
					"$(inherited)",
					IRPLATFORM_TARGET_OS_IPHONE_OR_TV,
					IRPLATFORM_TARGET_OS_MAC_OR_IPHONE,
				);
				GENERATE_INFOPLIST_FILE = YES;
				HEADER_SEARCH_PATHS = (
					"$(SRCROOT)/../IRPlayer-swift/ThirdParty/ffmpeg/include",
					"$(SRCROOT)/../IRPlayer-swift/ThirdParty/ffmpeg/include/libavformat",
				);
				INFOPLIST_FILE = demo/Info.plist;
				INFOPLIST_KEY_UIApplicationSupportsIndirectInputEvents = YES;
				INFOPLIST_KEY_UILaunchStoryboardName = LaunchScreen;
				INFOPLIST_KEY_UIMainStoryboardFile = Main;
				INFOPLIST_KEY_UISupportedInterfaceOrientations_iPad = "UIInterfaceOrientationPortrait UIInterfaceOrientationPortraitUpsideDown UIInterfaceOrientationLandscapeLeft UIInterfaceOrientationLandscapeRight";
				INFOPLIST_KEY_UISupportedInterfaceOrientations_iPhone = "UIInterfaceOrientationPortrait UIInterfaceOrientationLandscapeLeft UIInterfaceOrientationLandscapeRight";
				IPHONEOS_DEPLOYMENT_TARGET = 15.6;
				LD_RUNPATH_SEARCH_PATHS = (
					"$(inherited)",
					"@executable_path/Frameworks",
				);
				LIBRARY_SEARCH_PATHS = (
					"$(PROJECT_DIR)/../IRPlayer-swift/ThirdParty/ffmpeg",
					"$(PROJECT_DIR)/../IRPlayer-swift/ThirdParty/ffmpeg/armv7_10.2",
					"$(PROJECT_DIR)/../IRPlayer-swift/ThirdParty/ffmpeg/i386_10.2",
					"$(PROJECT_DIR)/../IRPlayer-swift/ThirdParty/ffmpeg/lib",
				);
				MARKETING_VERSION = 1.0;
				OTHER_SWIFT_FLAGS = "-Xcc -Wno-error=non-modular-include-in-framework-module";
				PRODUCT_BUNDLE_IDENTIFIER = com.phil.demo;
				PRODUCT_NAME = "$(TARGET_NAME)";
				SWIFT_EMIT_LOC_STRINGS = YES;
				SWIFT_OBJC_BRIDGING_HEADER = "demo/demo-Bridging-Header.h";
				SWIFT_VERSION = 5.0;
				TARGETED_DEVICE_FAMILY = "1,2";
				USER_HEADER_SEARCH_PATHS = "$(SRCROOT)/../IRPlayer-swift/ThirdParty/ffmpeg/include";
			};
			name = Release;
		};
/* End XCBuildConfiguration section */

/* Begin XCConfigurationList section */
		D1B25EBE280437DE00F79DCC /* Build configuration list for PBXProject "demo" */ = {
			isa = XCConfigurationList;
			buildConfigurations = (
				D1B25ED5280437E000F79DCC /* Debug */,
				D1B25ED6280437E000F79DCC /* Release */,
			);
			defaultConfigurationIsVisible = 0;
			defaultConfigurationName = Release;
		};
		D1B25ED7280437E000F79DCC /* Build configuration list for PBXNativeTarget "demo" */ = {
			isa = XCConfigurationList;
			buildConfigurations = (
				D1B25ED8280437E000F79DCC /* Debug */,
				D1B25ED9280437E000F79DCC /* Release */,
			);
			defaultConfigurationIsVisible = 0;
			defaultConfigurationName = Release;
		};
/* End XCConfigurationList section */
	};
	rootObject = D1B25EBB280437DE00F79DCC /* Project object */;
}
